// !$*UTF8*$!
{
	archiveVersion = 1;
	classes = {
	};
	objectVersion = 46;
	objects = {

/* Begin PBXBuildFile section */
		2B147A511EFF557C0019312D /* NSString+Encrypt.m in Sources */ = {isa = PBXBuildFile; fileRef = 2B147A501EFF557C0019312D /* NSString+Encrypt.m */; };
		2B147A5A1EFF562F0019312D /* Base64.m in Sources */ = {isa = PBXBuildFile; fileRef = 2B147A541EFF562F0019312D /* Base64.m */; };
		2B147A5B1EFF562F0019312D /* BasicCommonUtils.m in Sources */ = {isa = PBXBuildFile; fileRef = 2B147A561EFF562F0019312D /* BasicCommonUtils.m */; };
		2B147A5C1EFF562F0019312D /* GTMBase64.m in Sources */ = {isa = PBXBuildFile; fileRef = 2B147A581EFF562F0019312D /* GTMBase64.m */; };
		2B147A681EFF5F770019312D /* LKBaseHandler.m in Sources */ = {isa = PBXBuildFile; fileRef = 2B147A671EFF5F770019312D /* LKBaseHandler.m */; };
		2B147A7F1EFFAA490019312D /* XDProgressHUD.m in Sources */ = {isa = PBXBuildFile; fileRef = 2B147A7E1EFFAA490019312D /* XDProgressHUD.m */; };
		2B1E7FCA1F458B0800B00C58 /* CALayer+Aimate.m in Sources */ = {isa = PBXBuildFile; fileRef = 2B1E7FC41F458B0800B00C58 /* CALayer+Aimate.m */; };
		2B1E7FCB1F458B0800B00C58 /* LKDanmuModel.m in Sources */ = {isa = PBXBuildFile; fileRef = 2B1E7FC61F458B0800B00C58 /* LKDanmuModel.m */; };
		2B1E7FCC1F458B0800B00C58 /* LKDanmuView.m in Sources */ = {isa = PBXBuildFile; fileRef = 2B1E7FC91F458B0800B00C58 /* LKDanmuView.m */; };
		2B1E7FCF1F458BDD00B00C58 /* LKLiveSessionView.m in Sources */ = {isa = PBXBuildFile; fileRef = 2B1E7FCE1F458BDD00B00C58 /* LKLiveSessionView.m */; };
		2B1E7FD31F459B2100B00C58 /* LKTalkTableViewCell.m in Sources */ = {isa = PBXBuildFile; fileRef = 2B1E7FD11F459B2100B00C58 /* LKTalkTableViewCell.m */; };
		2B1E7FD41F459B2100B00C58 /* LKTalkTableViewCell.xib in Resources */ = {isa = PBXBuildFile; fileRef = 2B1E7FD21F459B2100B00C58 /* LKTalkTableViewCell.xib */; };
		2B1E7FD71F45A60700B00C58 /* LKTalkModel.m in Sources */ = {isa = PBXBuildFile; fileRef = 2B1E7FD61F45A60700B00C58 /* LKTalkModel.m */; };
		2B55FBC81EFA73E0005A83BE /* main.m in Sources */ = {isa = PBXBuildFile; fileRef = 2B55FBC71EFA73E0005A83BE /* main.m */; };
		2B55FBD31EFA73E0005A83BE /* Assets.xcassets in Resources */ = {isa = PBXBuildFile; fileRef = 2B55FBD21EFA73E0005A83BE /* Assets.xcassets */; };
		2B55FBD61EFA73E0005A83BE /* LaunchScreen.storyboard in Resources */ = {isa = PBXBuildFile; fileRef = 2B55FBD41EFA73E0005A83BE /* LaunchScreen.storyboard */; };
		2B55FBE11EFA73E0005A83BE /* LinekeLiveTests.m in Sources */ = {isa = PBXBuildFile; fileRef = 2B55FBE01EFA73E0005A83BE /* LinekeLiveTests.m */; };
		2B55FBEC1EFA73E0005A83BE /* LinekeLiveUITests.m in Sources */ = {isa = PBXBuildFile; fileRef = 2B55FBEB1EFA73E0005A83BE /* LinekeLiveUITests.m */; };
		2B5AF4001F02046600D83361 /* LKAdvertModel.m in Sources */ = {isa = PBXBuildFile; fileRef = 2B5AF3FF1F02046600D83361 /* LKAdvertModel.m */; };
		2B5AF4031F0206BE00D83361 /* LKNewFeatureView.m in Sources */ = {isa = PBXBuildFile; fileRef = 2B5AF4021F0206BE00D83361 /* LKNewFeatureView.m */; };
		2B5AF4081F020F8800D83361 /* LKCacheHelper.m in Sources */ = {isa = PBXBuildFile; fileRef = 2B5AF4071F020F8800D83361 /* LKCacheHelper.m */; };
		2B704C971EFB703D0020A0D6 /* UIColor+Extension.m in Sources */ = {isa = PBXBuildFile; fileRef = 2B704C8E1EFB703D0020A0D6 /* UIColor+Extension.m */; };
		2B704C981EFB703D0020A0D6 /* UIColor+UIImage.m in Sources */ = {isa = PBXBuildFile; fileRef = 2B704C901EFB703D0020A0D6 /* UIColor+UIImage.m */; };
		2B704C991EFB703D0020A0D6 /* UIImage+Additions.m in Sources */ = {isa = PBXBuildFile; fileRef = 2B704C921EFB703D0020A0D6 /* UIImage+Additions.m */; };
		2B704C9A1EFB703D0020A0D6 /* UIImage+Estend.m in Sources */ = {isa = PBXBuildFile; fileRef = 2B704C941EFB703D0020A0D6 /* UIImage+Estend.m */; };
		2B704C9B1EFB703D0020A0D6 /* UIImage+Extension.m in Sources */ = {isa = PBXBuildFile; fileRef = 2B704C961EFB703D0020A0D6 /* UIImage+Extension.m */; };
		2B75AF7E1EFCC89400BFE311 /* LKBasicTabBarController.m in Sources */ = {isa = PBXBuildFile; fileRef = 2B75AF7D1EFCC89400BFE311 /* LKBasicTabBarController.m */; };
		2B75AF811EFCC8B900BFE311 /* LKBasicTabBar.m in Sources */ = {isa = PBXBuildFile; fileRef = 2B75AF801EFCC8B900BFE311 /* LKBasicTabBar.m */; };
		2B75AF881EFCED4700BFE311 /* LKBasicViewController.m in Sources */ = {isa = PBXBuildFile; fileRef = 2B75AF871EFCED4700BFE311 /* LKBasicViewController.m */; };
		2B75AF951EFCEEBC00BFE311 /* LKBasicNavigationController.m in Sources */ = {isa = PBXBuildFile; fileRef = 2B75AF941EFCEEBC00BFE311 /* LKBasicNavigationController.m */; };
		2B8A333E1F4824880090B2BB /* LKShareActivityView.m in Sources */ = {isa = PBXBuildFile; fileRef = 2B8A333D1F4824880090B2BB /* LKShareActivityView.m */; };
		2B9C00011F00B0150010611A /* libz.tbd in Frameworks */ = {isa = PBXBuildFile; fileRef = 2B9C00001F00B0150010611A /* libz.tbd */; };
		2B9C00031F00B01D0010611A /* MediaPlayer.framework in Frameworks */ = {isa = PBXBuildFile; fileRef = 2B9C00021F00B01D0010611A /* MediaPlayer.framework */; };
		2B9C00051F00B0280010611A /* MobileCoreServices.framework in Frameworks */ = {isa = PBXBuildFile; fileRef = 2B9C00041F00B0280010611A /* MobileCoreServices.framework */; };
		2B9C00071F00B0320010611A /* OpenGLES.framework in Frameworks */ = {isa = PBXBuildFile; fileRef = 2B9C00061F00B0320010611A /* OpenGLES.framework */; };
		2B9C00091F00B03E0010611A /* QuartzCore.framework in Frameworks */ = {isa = PBXBuildFile; fileRef = 2B9C00081F00B03E0010611A /* QuartzCore.framework */; };
		2B9C000B1F00B04C0010611A /* VideoToolbox.framework in Frameworks */ = {isa = PBXBuildFile; fileRef = 2B9C000A1F00B04C0010611A /* VideoToolbox.framework */; };
		2B9C000D1F00B0630010611A /* AVFoundation.framework in Frameworks */ = {isa = PBXBuildFile; fileRef = 2B9C000C1F00B0630010611A /* AVFoundation.framework */; };
		2B9C001D1F00E5160010611A /* LKHasNavViewController.m in Sources */ = {isa = PBXBuildFile; fileRef = 2B9C001C1F00E5160010611A /* LKHasNavViewController.m */; };
		2B9C00201F00F4E70010611A /* LKLocationManager.m in Sources */ = {isa = PBXBuildFile; fileRef = 2B9C001F1F00F4E70010611A /* LKLocationManager.m */; };
		2B9C00221F00F6010010611A /* CoreLocation.framework in Frameworks */ = {isa = PBXBuildFile; fileRef = 2B9C00211F00F6010010611A /* CoreLocation.framework */; };
		2B9CFFED1F00A07A0010611A /* IJKMediaFramework.framework in Frameworks */ = {isa = PBXBuildFile; fileRef = 2B9CFFEC1F00A07A0010611A /* IJKMediaFramework.framework */; };
		2B9CFFF71F00AFD10010611A /* AudioToolbox.framework in Frameworks */ = {isa = PBXBuildFile; fileRef = 2B9CFFF61F00AFD10010611A /* AudioToolbox.framework */; };
		2B9CFFF91F00AFE50010611A /* CoreGraphics.framework in Frameworks */ = {isa = PBXBuildFile; fileRef = 2B9CFFF81F00AFE50010611A /* CoreGraphics.framework */; };
		2B9CFFFB1F00AFF00010611A /* CoreMedia.framework in Frameworks */ = {isa = PBXBuildFile; fileRef = 2B9CFFFA1F00AFF00010611A /* CoreMedia.framework */; };
		2B9CFFFD1F00AFFD0010611A /* CoreVideo.framework in Frameworks */ = {isa = PBXBuildFile; fileRef = 2B9CFFFC1F00AFFD0010611A /* CoreVideo.framework */; };
		2B9CFFFF1F00B00C0010611A /* libbz2.tbd in Frameworks */ = {isa = PBXBuildFile; fileRef = 2B9CFFFE1F00B00C0010611A /* libbz2.tbd */; };
		2BA6A17720203E22006FDA28 /* LKRefreshGifHeader.m in Sources */ = {isa = PBXBuildFile; fileRef = 2BA6A17620203E22006FDA28 /* LKRefreshGifHeader.m */; };
		2BA6A17D20204D02006FDA28 /* APIConfig.m in Sources */ = {isa = PBXBuildFile; fileRef = 2BA6A17A20204D02006FDA28 /* APIConfig.m */; };
		2BA6A17E20204D02006FDA28 /* HttpTool.m in Sources */ = {isa = PBXBuildFile; fileRef = 2BA6A17C20204D02006FDA28 /* HttpTool.m */; };
		2BA6A18120204D15006FDA28 /* UIImageView+SDWebImage.m in Sources */ = {isa = PBXBuildFile; fileRef = 2BA6A18020204D15006FDA28 /* UIImageView+SDWebImage.m */; };
		2BC7672D2021CC9E0050A76E /* YYFPSLabel.m in Sources */ = {isa = PBXBuildFile; fileRef = 2BC7672A2021CC9E0050A76E /* YYFPSLabel.m */; };
		2BDF10F32019D99900048CF7 /* LKPlayerUserCell.m in Sources */ = {isa = PBXBuildFile; fileRef = 2BDF10F22019D99900048CF7 /* LKPlayerUserCell.m */; };
		2BDF10F62019DE0100048CF7 /* LKUserListView.m in Sources */ = {isa = PBXBuildFile; fileRef = 2BDF10F52019DE0100048CF7 /* LKUserListView.m */; };
		2BE9BA59202005A500711676 /* AppDelegate.m in Sources */ = {isa = PBXBuildFile; fileRef = 2BE9BA58202005A500711676 /* AppDelegate.m */; };
		2BE9BA5D2020063100711676 /* Reachability.m in Sources */ = {isa = PBXBuildFile; fileRef = 2BE9BA5C2020063100711676 /* Reachability.m */; };
		2BE9BA6020200AAE00711676 /* AppDelegate+Util.m in Sources */ = {isa = PBXBuildFile; fileRef = 2BE9BA5F20200AAE00711676 /* AppDelegate+Util.m */; };
		2BEF620A20216E0F00FF597E /* LKFeatureImageCell.m in Sources */ = {isa = PBXBuildFile; fileRef = 2BEF620920216E0F00FF597E /* LKFeatureImageCell.m */; };
		2BF8A7F81F49B34E00801F9B /* LKFocuseViewController.m in Sources */ = {isa = PBXBuildFile; fileRef = 2BF8A7F71F49B34E00801F9B /* LKFocuseViewController.m */; };
		AE7E71701F3B09880019B515 /* LKLaunchLiveViewController.m in Sources */ = {isa = PBXBuildFile; fileRef = AE7E711B1F3B09880019B515 /* LKLaunchLiveViewController.m */; };
		AE7E71711F3B09880019B515 /* LKLaunchLiveViewController.xib in Resources */ = {isa = PBXBuildFile; fileRef = AE7E711C1F3B09880019B515 /* LKLaunchLiveViewController.xib */; };
		AE7E71721F3B09880019B515 /* camra_beauty@2x.png in Resources */ = {isa = PBXBuildFile; fileRef = AE7E71201F3B09880019B515 /* camra_beauty@2x.png */; };
		AE7E71731F3B09880019B515 /* camra_beauty@3x.png in Resources */ = {isa = PBXBuildFile; fileRef = AE7E71211F3B09880019B515 /* camra_beauty@3x.png */; };
		AE7E71741F3B09880019B515 /* camra_beauty_close@2x.png in Resources */ = {isa = PBXBuildFile; fileRef = AE7E71221F3B09880019B515 /* camra_beauty_close@2x.png */; };
		AE7E71751F3B09880019B515 /* camra_beauty_close@3x.png in Resources */ = {isa = PBXBuildFile; fileRef = AE7E71231F3B09880019B515 /* camra_beauty_close@3x.png */; };
		AE7E71761F3B09880019B515 /* camra_preview@2x.png in Resources */ = {isa = PBXBuildFile; fileRef = AE7E71241F3B09880019B515 /* camra_preview@2x.png */; };
		AE7E71771F3B09880019B515 /* camra_preview@3x.png in Resources */ = {isa = PBXBuildFile; fileRef = AE7E71251F3B09880019B515 /* camra_preview@3x.png */; };
		AE7E71781F3B09880019B515 /* close_preview@2x.png in Resources */ = {isa = PBXBuildFile; fileRef = AE7E71261F3B09880019B515 /* close_preview@2x.png */; };
		AE7E71791F3B09880019B515 /* close_preview@3x.png in Resources */ = {isa = PBXBuildFile; fileRef = AE7E71271F3B09880019B515 /* close_preview@3x.png */; };
		AE7E717A1F3B09880019B515 /* ios-29x29.png in Resources */ = {isa = PBXBuildFile; fileRef = AE7E71281F3B09880019B515 /* ios-29x29.png */; };
		AE7E717B1F3B09880019B515 /* LFLivePreview.m in Sources */ = {isa = PBXBuildFile; fileRef = AE7E712A1F3B09880019B515 /* LFLivePreview.m */; };
		AE7E717C1F3B09880019B515 /* LKLoginViewController.m in Sources */ = {isa = PBXBuildFile; fileRef = AE7E712D1F3B09880019B515 /* LKLoginViewController.m */; };
		AE7E717D1F3B09880019B515 /* LKLoginViewController.xib in Resources */ = {isa = PBXBuildFile; fileRef = AE7E712E1F3B09880019B515 /* LKLoginViewController.xib */; };
		AE7E717E1F3B09880019B515 /* LKMeViewController.m in Sources */ = {isa = PBXBuildFile; fileRef = AE7E71321F3B09880019B515 /* LKMeViewController.m */; };
		AE7E717F1F3B09880019B515 /* LKSettingViewController.m in Sources */ = {isa = PBXBuildFile; fileRef = AE7E71341F3B09880019B515 /* LKSettingViewController.m */; };
		AE7E71801F3B09880019B515 /* LKMineModel.m in Sources */ = {isa = PBXBuildFile; fileRef = AE7E71371F3B09880019B515 /* LKMineModel.m */; };
		AE7E71811F3B09880019B515 /* LKMeHeaderView.m in Sources */ = {isa = PBXBuildFile; fileRef = AE7E713A1F3B09880019B515 /* LKMeHeaderView.m */; };
		AE7E71831F3B09880019B515 /* LKMeTableViewCell.m in Sources */ = {isa = PBXBuildFile; fileRef = AE7E713D1F3B09880019B515 /* LKMeTableViewCell.m */; };
		AE7E71841F3B09880019B515 /* LKMeTableViewCell.xib in Resources */ = {isa = PBXBuildFile; fileRef = AE7E713E1F3B09880019B515 /* LKMeTableViewCell.xib */; };
		AE7E71851F3B09880019B515 /* LKLiveRoomViewController.m in Sources */ = {isa = PBXBuildFile; fileRef = AE7E71421F3B09880019B515 /* LKLiveRoomViewController.m */; };
		AE7E71861F3B09880019B515 /* LKLiveRoomViewController.xib in Resources */ = {isa = PBXBuildFile; fileRef = AE7E71431F3B09880019B515 /* LKLiveRoomViewController.xib */; };
		AE7E71871F3B09880019B515 /* LKPlayerViewController.m in Sources */ = {isa = PBXBuildFile; fileRef = AE7E71451F3B09880019B515 /* LKPlayerViewController.m */; };
		AE7E71881F3B09880019B515 /* LKGiftModel.m in Sources */ = {isa = PBXBuildFile; fileRef = AE7E71481F3B09880019B515 /* LKGiftModel.m */; };
		AE7E71891F3B09880019B515 /* LKFlowLayout.m in Sources */ = {isa = PBXBuildFile; fileRef = AE7E714B1F3B09880019B515 /* LKFlowLayout.m */; };
		AE7E718A1F3B09880019B515 /* LKGiftCollectionViewCell.m in Sources */ = {isa = PBXBuildFile; fileRef = AE7E714D1F3B09880019B515 /* LKGiftCollectionViewCell.m */; };
		AE7E718B1F3B09880019B515 /* LKGiftCollectionViewCell.xib in Resources */ = {isa = PBXBuildFile; fileRef = AE7E714E1F3B09880019B515 /* LKGiftCollectionViewCell.xib */; };
		AE7E718C1F3B09880019B515 /* LKGiftListView.m in Sources */ = {isa = PBXBuildFile; fileRef = AE7E71501F3B09880019B515 /* LKGiftListView.m */; };
		AE7E718E1F3B09880019B515 /* LKHotViewController.m in Sources */ = {isa = PBXBuildFile; fileRef = AE7E71561F3B09880019B515 /* LKHotViewController.m */; };
		AE7E718F1F3B09880019B515 /* LKMainViewController.m in Sources */ = {isa = PBXBuildFile; fileRef = AE7E71581F3B09880019B515 /* LKMainViewController.m */; };
		AE7E71901F3B09880019B515 /* LKNearViewController.m in Sources */ = {isa = PBXBuildFile; fileRef = AE7E715A1F3B09880019B515 /* LKNearViewController.m */; };
		AE7E71911F3B09880019B515 /* LKLiveHandler.m in Sources */ = {isa = PBXBuildFile; fileRef = AE7E715D1F3B09880019B515 /* LKLiveHandler.m */; };
		AE7E71921F3B09880019B515 /* LKCreatorModel.m in Sources */ = {isa = PBXBuildFile; fileRef = AE7E71601F3B09880019B515 /* LKCreatorModel.m */; };
		AE7E71931F3B09880019B515 /* LKExtra.m in Sources */ = {isa = PBXBuildFile; fileRef = AE7E71621F3B09880019B515 /* LKExtra.m */; };
		AE7E71941F3B09880019B515 /* LKLiveModel.m in Sources */ = {isa = PBXBuildFile; fileRef = AE7E71641F3B09880019B515 /* LKLiveModel.m */; };
		AE7E71951F3B09880019B515 /* MJExtensionConfig.m in Sources */ = {isa = PBXBuildFile; fileRef = AE7E71661F3B09880019B515 /* MJExtensionConfig.m */; };
		AE7E71961F3B09880019B515 /* LKHotLiveTableViewCell.m in Sources */ = {isa = PBXBuildFile; fileRef = AE7E71691F3B09880019B515 /* LKHotLiveTableViewCell.m */; };
		AE7E71971F3B09880019B515 /* LKHotLiveTableViewCell.xib in Resources */ = {isa = PBXBuildFile; fileRef = AE7E716A1F3B09880019B515 /* LKHotLiveTableViewCell.xib */; };
		AE7E71981F3B09880019B515 /* LKMainSegmentView.m in Sources */ = {isa = PBXBuildFile; fileRef = AE7E716C1F3B09880019B515 /* LKMainSegmentView.m */; };
		AE7E71991F3B09880019B515 /* LKNearCollectionViewCell.m in Sources */ = {isa = PBXBuildFile; fileRef = AE7E716E1F3B09880019B515 /* LKNearCollectionViewCell.m */; };
		AE7E719A1F3B09880019B515 /* LKNearCollectionViewCell.xib in Resources */ = {isa = PBXBuildFile; fileRef = AE7E716F1F3B09880019B515 /* LKNearCollectionViewCell.xib */; };
		AEB945E71F39606A009386D7 /* LKGiftSendView.m in Sources */ = {isa = PBXBuildFile; fileRef = AEB945E61F39606A009386D7 /* LKGiftSendView.m */; };
		AEB945EA1F3997CC009386D7 /* LKGiftData.m in Sources */ = {isa = PBXBuildFile; fileRef = AEB945E91F3997CC009386D7 /* LKGiftData.m */; };
		AEB945ED1F39ADFA009386D7 /* LKAnimation.m in Sources */ = {isa = PBXBuildFile; fileRef = AEB945EC1F39ADFA009386D7 /* LKAnimation.m */; };
		AEB945F01F39B752009386D7 /* LKAnimationManager.m in Sources */ = {isa = PBXBuildFile; fileRef = AEB945EF1F39B752009386D7 /* LKAnimationManager.m */; };
		AEB945F31F39BD37009386D7 /* LKCacheData.m in Sources */ = {isa = PBXBuildFile; fileRef = AEB945F21F39BD37009386D7 /* LKCacheData.m */; };
		E8DE294AD7D0CAD927DC4607 /* libPods-LinekeLive.a in Frameworks */ = {isa = PBXBuildFile; fileRef = C35D5F4314E2739372BBE43A /* libPods-LinekeLive.a */; };
/* End PBXBuildFile section */

/* Begin PBXContainerItemProxy section */
		2B55FBDD1EFA73E0005A83BE /* PBXContainerItemProxy */ = {
			isa = PBXContainerItemProxy;
			containerPortal = 2B55FBBB1EFA73E0005A83BE /* Project object */;
			proxyType = 1;
			remoteGlobalIDString = 2B55FBC21EFA73E0005A83BE;
			remoteInfo = LinekeLive;
		};
		2B55FBE81EFA73E0005A83BE /* PBXContainerItemProxy */ = {
			isa = PBXContainerItemProxy;
			containerPortal = 2B55FBBB1EFA73E0005A83BE /* Project object */;
			proxyType = 1;
			remoteGlobalIDString = 2B55FBC21EFA73E0005A83BE;
			remoteInfo = LinekeLive;
		};
/* End PBXContainerItemProxy section */

/* Begin PBXFileReference section */
		2B147A4F1EFF557C0019312D /* NSString+Encrypt.h */ = {isa = PBXFileReference; fileEncoding = 4; lastKnownFileType = sourcecode.c.h; path = "NSString+Encrypt.h"; sourceTree = "<group>"; };
		2B147A501EFF557C0019312D /* NSString+Encrypt.m */ = {isa = PBXFileReference; fileEncoding = 4; lastKnownFileType = sourcecode.c.objc; path = "NSString+Encrypt.m"; sourceTree = "<group>"; };
		2B147A531EFF562F0019312D /* Base64.h */ = {isa = PBXFileReference; fileEncoding = 4; lastKnownFileType = sourcecode.c.h; path = Base64.h; sourceTree = "<group>"; };
		2B147A541EFF562F0019312D /* Base64.m */ = {isa = PBXFileReference; fileEncoding = 4; lastKnownFileType = sourcecode.c.objc; path = Base64.m; sourceTree = "<group>"; };
		2B147A551EFF562F0019312D /* BasicCommonUtils.h */ = {isa = PBXFileReference; fileEncoding = 4; lastKnownFileType = sourcecode.c.h; path = BasicCommonUtils.h; sourceTree = "<group>"; };
		2B147A561EFF562F0019312D /* BasicCommonUtils.m */ = {isa = PBXFileReference; fileEncoding = 4; lastKnownFileType = sourcecode.c.objc; path = BasicCommonUtils.m; sourceTree = "<group>"; };
		2B147A571EFF562F0019312D /* GTMBase64.h */ = {isa = PBXFileReference; fileEncoding = 4; lastKnownFileType = sourcecode.c.h; path = GTMBase64.h; sourceTree = "<group>"; };
		2B147A581EFF562F0019312D /* GTMBase64.m */ = {isa = PBXFileReference; fileEncoding = 4; lastKnownFileType = sourcecode.c.objc; path = GTMBase64.m; sourceTree = "<group>"; };
		2B147A591EFF562F0019312D /* GTMDefines.h */ = {isa = PBXFileReference; fileEncoding = 4; lastKnownFileType = sourcecode.c.h; path = GTMDefines.h; sourceTree = "<group>"; };
		2B147A661EFF5F770019312D /* LKBaseHandler.h */ = {isa = PBXFileReference; fileEncoding = 4; lastKnownFileType = sourcecode.c.h; path = LKBaseHandler.h; sourceTree = "<group>"; };
		2B147A671EFF5F770019312D /* LKBaseHandler.m */ = {isa = PBXFileReference; fileEncoding = 4; lastKnownFileType = sourcecode.c.objc; path = LKBaseHandler.m; sourceTree = "<group>"; };
		2B147A7D1EFFAA490019312D /* XDProgressHUD.h */ = {isa = PBXFileReference; fileEncoding = 4; lastKnownFileType = sourcecode.c.h; path = XDProgressHUD.h; sourceTree = "<group>"; };
		2B147A7E1EFFAA490019312D /* XDProgressHUD.m */ = {isa = PBXFileReference; fileEncoding = 4; lastKnownFileType = sourcecode.c.objc; path = XDProgressHUD.m; sourceTree = "<group>"; };
		2B1E7FC31F458B0800B00C58 /* CALayer+Aimate.h */ = {isa = PBXFileReference; fileEncoding = 4; lastKnownFileType = sourcecode.c.h; path = "CALayer+Aimate.h"; sourceTree = "<group>"; };
		2B1E7FC41F458B0800B00C58 /* CALayer+Aimate.m */ = {isa = PBXFileReference; fileEncoding = 4; lastKnownFileType = sourcecode.c.objc; path = "CALayer+Aimate.m"; sourceTree = "<group>"; };
		2B1E7FC51F458B0800B00C58 /* LKDanmuModel.h */ = {isa = PBXFileReference; fileEncoding = 4; lastKnownFileType = sourcecode.c.h; path = LKDanmuModel.h; sourceTree = "<group>"; };
		2B1E7FC61F458B0800B00C58 /* LKDanmuModel.m */ = {isa = PBXFileReference; fileEncoding = 4; lastKnownFileType = sourcecode.c.objc; path = LKDanmuModel.m; sourceTree = "<group>"; };
		2B1E7FC71F458B0800B00C58 /* LKDanmuModelProtocol.h */ = {isa = PBXFileReference; fileEncoding = 4; lastKnownFileType = sourcecode.c.h; path = LKDanmuModelProtocol.h; sourceTree = "<group>"; };
		2B1E7FC81F458B0800B00C58 /* LKDanmuView.h */ = {isa = PBXFileReference; fileEncoding = 4; lastKnownFileType = sourcecode.c.h; path = LKDanmuView.h; sourceTree = "<group>"; };
		2B1E7FC91F458B0800B00C58 /* LKDanmuView.m */ = {isa = PBXFileReference; fileEncoding = 4; lastKnownFileType = sourcecode.c.objc; path = LKDanmuView.m; sourceTree = "<group>"; };
		2B1E7FCD1F458BDD00B00C58 /* LKLiveSessionView.h */ = {isa = PBXFileReference; fileEncoding = 4; lastKnownFileType = sourcecode.c.h; path = LKLiveSessionView.h; sourceTree = "<group>"; };
		2B1E7FCE1F458BDD00B00C58 /* LKLiveSessionView.m */ = {isa = PBXFileReference; fileEncoding = 4; lastKnownFileType = sourcecode.c.objc; path = LKLiveSessionView.m; sourceTree = "<group>"; };
		2B1E7FD01F459B2100B00C58 /* LKTalkTableViewCell.h */ = {isa = PBXFileReference; fileEncoding = 4; lastKnownFileType = sourcecode.c.h; path = LKTalkTableViewCell.h; sourceTree = "<group>"; };
		2B1E7FD11F459B2100B00C58 /* LKTalkTableViewCell.m */ = {isa = PBXFileReference; fileEncoding = 4; lastKnownFileType = sourcecode.c.objc; path = LKTalkTableViewCell.m; sourceTree = "<group>"; };
		2B1E7FD21F459B2100B00C58 /* LKTalkTableViewCell.xib */ = {isa = PBXFileReference; fileEncoding = 4; lastKnownFileType = file.xib; path = LKTalkTableViewCell.xib; sourceTree = "<group>"; };
		2B1E7FD51F45A60700B00C58 /* LKTalkModel.h */ = {isa = PBXFileReference; fileEncoding = 4; lastKnownFileType = sourcecode.c.h; path = LKTalkModel.h; sourceTree = "<group>"; };
		2B1E7FD61F45A60700B00C58 /* LKTalkModel.m */ = {isa = PBXFileReference; fileEncoding = 4; lastKnownFileType = sourcecode.c.objc; path = LKTalkModel.m; sourceTree = "<group>"; };
		2B4B31F51FF13F1200E77A84 /* LKEnumHeader.h */ = {isa = PBXFileReference; lastKnownFileType = sourcecode.c.h; path = LKEnumHeader.h; sourceTree = "<group>"; };
		2B55FBC31EFA73E0005A83BE /* LinekeLive.app */ = {isa = PBXFileReference; explicitFileType = wrapper.application; includeInIndex = 0; path = LinekeLive.app; sourceTree = BUILT_PRODUCTS_DIR; };
		2B55FBC71EFA73E0005A83BE /* main.m */ = {isa = PBXFileReference; lastKnownFileType = sourcecode.c.objc; path = main.m; sourceTree = "<group>"; };
		2B55FBD21EFA73E0005A83BE /* Assets.xcassets */ = {isa = PBXFileReference; lastKnownFileType = folder.assetcatalog; path = Assets.xcassets; sourceTree = "<group>"; };
		2B55FBD51EFA73E0005A83BE /* Base */ = {isa = PBXFileReference; lastKnownFileType = file.storyboard; name = Base; path = Base.lproj/LaunchScreen.storyboard; sourceTree = "<group>"; };
		2B55FBD71EFA73E0005A83BE /* Info.plist */ = {isa = PBXFileReference; lastKnownFileType = text.plist.xml; path = Info.plist; sourceTree = "<group>"; };
		2B55FBDC1EFA73E0005A83BE /* LinekeLiveTests.xctest */ = {isa = PBXFileReference; explicitFileType = wrapper.cfbundle; includeInIndex = 0; path = LinekeLiveTests.xctest; sourceTree = BUILT_PRODUCTS_DIR; };
		2B55FBE01EFA73E0005A83BE /* LinekeLiveTests.m */ = {isa = PBXFileReference; lastKnownFileType = sourcecode.c.objc; path = LinekeLiveTests.m; sourceTree = "<group>"; };
		2B55FBE21EFA73E0005A83BE /* Info.plist */ = {isa = PBXFileReference; lastKnownFileType = text.plist.xml; path = Info.plist; sourceTree = "<group>"; };
		2B55FBE71EFA73E0005A83BE /* LinekeLiveUITests.xctest */ = {isa = PBXFileReference; explicitFileType = wrapper.cfbundle; includeInIndex = 0; path = LinekeLiveUITests.xctest; sourceTree = BUILT_PRODUCTS_DIR; };
		2B55FBEB1EFA73E0005A83BE /* LinekeLiveUITests.m */ = {isa = PBXFileReference; lastKnownFileType = sourcecode.c.objc; path = LinekeLiveUITests.m; sourceTree = "<group>"; };
		2B55FBED1EFA73E0005A83BE /* Info.plist */ = {isa = PBXFileReference; lastKnownFileType = text.plist.xml; path = Info.plist; sourceTree = "<group>"; };
		2B5AF3FE1F02046600D83361 /* LKAdvertModel.h */ = {isa = PBXFileReference; fileEncoding = 4; lastKnownFileType = sourcecode.c.h; path = LKAdvertModel.h; sourceTree = "<group>"; };
		2B5AF3FF1F02046600D83361 /* LKAdvertModel.m */ = {isa = PBXFileReference; fileEncoding = 4; lastKnownFileType = sourcecode.c.objc; path = LKAdvertModel.m; sourceTree = "<group>"; };
		2B5AF4011F0206BE00D83361 /* LKNewFeatureView.h */ = {isa = PBXFileReference; fileEncoding = 4; lastKnownFileType = sourcecode.c.h; path = LKNewFeatureView.h; sourceTree = "<group>"; };
		2B5AF4021F0206BE00D83361 /* LKNewFeatureView.m */ = {isa = PBXFileReference; fileEncoding = 4; lastKnownFileType = sourcecode.c.objc; path = LKNewFeatureView.m; sourceTree = "<group>"; };
		2B5AF4061F020F8800D83361 /* LKCacheHelper.h */ = {isa = PBXFileReference; fileEncoding = 4; lastKnownFileType = sourcecode.c.h; path = LKCacheHelper.h; sourceTree = "<group>"; };
		2B5AF4071F020F8800D83361 /* LKCacheHelper.m */ = {isa = PBXFileReference; fileEncoding = 4; lastKnownFileType = sourcecode.c.objc; path = LKCacheHelper.m; sourceTree = "<group>"; };
		2B704C8D1EFB703D0020A0D6 /* UIColor+Extension.h */ = {isa = PBXFileReference; fileEncoding = 4; lastKnownFileType = sourcecode.c.h; path = "UIColor+Extension.h"; sourceTree = "<group>"; };
		2B704C8E1EFB703D0020A0D6 /* UIColor+Extension.m */ = {isa = PBXFileReference; fileEncoding = 4; lastKnownFileType = sourcecode.c.objc; path = "UIColor+Extension.m"; sourceTree = "<group>"; };
		2B704C8F1EFB703D0020A0D6 /* UIColor+UIImage.h */ = {isa = PBXFileReference; fileEncoding = 4; lastKnownFileType = sourcecode.c.h; path = "UIColor+UIImage.h"; sourceTree = "<group>"; };
		2B704C901EFB703D0020A0D6 /* UIColor+UIImage.m */ = {isa = PBXFileReference; fileEncoding = 4; lastKnownFileType = sourcecode.c.objc; path = "UIColor+UIImage.m"; sourceTree = "<group>"; };
		2B704C911EFB703D0020A0D6 /* UIImage+Additions.h */ = {isa = PBXFileReference; fileEncoding = 4; lastKnownFileType = sourcecode.c.h; path = "UIImage+Additions.h"; sourceTree = "<group>"; };
		2B704C921EFB703D0020A0D6 /* UIImage+Additions.m */ = {isa = PBXFileReference; fileEncoding = 4; lastKnownFileType = sourcecode.c.objc; path = "UIImage+Additions.m"; sourceTree = "<group>"; };
		2B704C931EFB703D0020A0D6 /* UIImage+Estend.h */ = {isa = PBXFileReference; fileEncoding = 4; lastKnownFileType = sourcecode.c.h; path = "UIImage+Estend.h"; sourceTree = "<group>"; };
		2B704C941EFB703D0020A0D6 /* UIImage+Estend.m */ = {isa = PBXFileReference; fileEncoding = 4; lastKnownFileType = sourcecode.c.objc; path = "UIImage+Estend.m"; sourceTree = "<group>"; };
		2B704C951EFB703D0020A0D6 /* UIImage+Extension.h */ = {isa = PBXFileReference; fileEncoding = 4; lastKnownFileType = sourcecode.c.h; path = "UIImage+Extension.h"; sourceTree = "<group>"; };
		2B704C961EFB703D0020A0D6 /* UIImage+Extension.m */ = {isa = PBXFileReference; fileEncoding = 4; lastKnownFileType = sourcecode.c.objc; path = "UIImage+Extension.m"; sourceTree = "<group>"; };
		2B704C9C1EFB71C00020A0D6 /* lineKePrefix.pch */ = {isa = PBXFileReference; lastKnownFileType = sourcecode.c.h; path = lineKePrefix.pch; sourceTree = "<group>"; };
		2B704C9D1EFB744F0020A0D6 /* LineKeMacros.h */ = {isa = PBXFileReference; lastKnownFileType = sourcecode.c.h; path = LineKeMacros.h; sourceTree = "<group>"; };
		2B75AF7C1EFCC89400BFE311 /* LKBasicTabBarController.h */ = {isa = PBXFileReference; fileEncoding = 4; lastKnownFileType = sourcecode.c.h; path = LKBasicTabBarController.h; sourceTree = "<group>"; };
		2B75AF7D1EFCC89400BFE311 /* LKBasicTabBarController.m */ = {isa = PBXFileReference; fileEncoding = 4; lastKnownFileType = sourcecode.c.objc; path = LKBasicTabBarController.m; sourceTree = "<group>"; };
		2B75AF7F1EFCC8B900BFE311 /* LKBasicTabBar.h */ = {isa = PBXFileReference; fileEncoding = 4; lastKnownFileType = sourcecode.c.h; path = LKBasicTabBar.h; sourceTree = "<group>"; };
		2B75AF801EFCC8B900BFE311 /* LKBasicTabBar.m */ = {isa = PBXFileReference; fileEncoding = 4; lastKnownFileType = sourcecode.c.objc; path = LKBasicTabBar.m; sourceTree = "<group>"; };
		2B75AF861EFCED4700BFE311 /* LKBasicViewController.h */ = {isa = PBXFileReference; fileEncoding = 4; lastKnownFileType = sourcecode.c.h; path = LKBasicViewController.h; sourceTree = "<group>"; };
		2B75AF871EFCED4700BFE311 /* LKBasicViewController.m */ = {isa = PBXFileReference; fileEncoding = 4; lastKnownFileType = sourcecode.c.objc; path = LKBasicViewController.m; sourceTree = "<group>"; };
		2B75AF931EFCEEBC00BFE311 /* LKBasicNavigationController.h */ = {isa = PBXFileReference; fileEncoding = 4; lastKnownFileType = sourcecode.c.h; path = LKBasicNavigationController.h; sourceTree = "<group>"; };
		2B75AF941EFCEEBC00BFE311 /* LKBasicNavigationController.m */ = {isa = PBXFileReference; fileEncoding = 4; lastKnownFileType = sourcecode.c.objc; path = LKBasicNavigationController.m; sourceTree = "<group>"; };
		2B8A333C1F4824880090B2BB /* LKShareActivityView.h */ = {isa = PBXFileReference; fileEncoding = 4; lastKnownFileType = sourcecode.c.h; path = LKShareActivityView.h; sourceTree = "<group>"; };
		2B8A333D1F4824880090B2BB /* LKShareActivityView.m */ = {isa = PBXFileReference; fileEncoding = 4; lastKnownFileType = sourcecode.c.objc; path = LKShareActivityView.m; sourceTree = "<group>"; };
		2B9C00001F00B0150010611A /* libz.tbd */ = {isa = PBXFileReference; lastKnownFileType = "sourcecode.text-based-dylib-definition"; name = libz.tbd; path = usr/lib/libz.tbd; sourceTree = SDKROOT; };
		2B9C00021F00B01D0010611A /* MediaPlayer.framework */ = {isa = PBXFileReference; lastKnownFileType = wrapper.framework; name = MediaPlayer.framework; path = System/Library/Frameworks/MediaPlayer.framework; sourceTree = SDKROOT; };
		2B9C00041F00B0280010611A /* MobileCoreServices.framework */ = {isa = PBXFileReference; lastKnownFileType = wrapper.framework; name = MobileCoreServices.framework; path = System/Library/Frameworks/MobileCoreServices.framework; sourceTree = SDKROOT; };
		2B9C00061F00B0320010611A /* OpenGLES.framework */ = {isa = PBXFileReference; lastKnownFileType = wrapper.framework; name = OpenGLES.framework; path = System/Library/Frameworks/OpenGLES.framework; sourceTree = SDKROOT; };
		2B9C00081F00B03E0010611A /* QuartzCore.framework */ = {isa = PBXFileReference; lastKnownFileType = wrapper.framework; name = QuartzCore.framework; path = System/Library/Frameworks/QuartzCore.framework; sourceTree = SDKROOT; };
		2B9C000A1F00B04C0010611A /* VideoToolbox.framework */ = {isa = PBXFileReference; lastKnownFileType = wrapper.framework; name = VideoToolbox.framework; path = System/Library/Frameworks/VideoToolbox.framework; sourceTree = SDKROOT; };
		2B9C000C1F00B0630010611A /* AVFoundation.framework */ = {isa = PBXFileReference; lastKnownFileType = wrapper.framework; name = AVFoundation.framework; path = System/Library/Frameworks/AVFoundation.framework; sourceTree = SDKROOT; };
		2B9C001B1F00E5160010611A /* LKHasNavViewController.h */ = {isa = PBXFileReference; fileEncoding = 4; lastKnownFileType = sourcecode.c.h; path = LKHasNavViewController.h; sourceTree = "<group>"; };
		2B9C001C1F00E5160010611A /* LKHasNavViewController.m */ = {isa = PBXFileReference; fileEncoding = 4; lastKnownFileType = sourcecode.c.objc; path = LKHasNavViewController.m; sourceTree = "<group>"; };
		2B9C001E1F00F4E70010611A /* LKLocationManager.h */ = {isa = PBXFileReference; fileEncoding = 4; lastKnownFileType = sourcecode.c.h; path = LKLocationManager.h; sourceTree = "<group>"; };
		2B9C001F1F00F4E70010611A /* LKLocationManager.m */ = {isa = PBXFileReference; fileEncoding = 4; lastKnownFileType = sourcecode.c.objc; path = LKLocationManager.m; sourceTree = "<group>"; };
		2B9C00211F00F6010010611A /* CoreLocation.framework */ = {isa = PBXFileReference; lastKnownFileType = wrapper.framework; name = CoreLocation.framework; path = System/Library/Frameworks/CoreLocation.framework; sourceTree = SDKROOT; };
		2B9CFFEC1F00A07A0010611A /* IJKMediaFramework.framework */ = {isa = PBXFileReference; lastKnownFileType = wrapper.framework; path = IJKMediaFramework.framework; sourceTree = "<group>"; };
		2B9CFFF61F00AFD10010611A /* AudioToolbox.framework */ = {isa = PBXFileReference; lastKnownFileType = wrapper.framework; name = AudioToolbox.framework; path = System/Library/Frameworks/AudioToolbox.framework; sourceTree = SDKROOT; };
		2B9CFFF81F00AFE50010611A /* CoreGraphics.framework */ = {isa = PBXFileReference; lastKnownFileType = wrapper.framework; name = CoreGraphics.framework; path = System/Library/Frameworks/CoreGraphics.framework; sourceTree = SDKROOT; };
		2B9CFFFA1F00AFF00010611A /* CoreMedia.framework */ = {isa = PBXFileReference; lastKnownFileType = wrapper.framework; name = CoreMedia.framework; path = System/Library/Frameworks/CoreMedia.framework; sourceTree = SDKROOT; };
		2B9CFFFC1F00AFFD0010611A /* CoreVideo.framework */ = {isa = PBXFileReference; lastKnownFileType = wrapper.framework; name = CoreVideo.framework; path = System/Library/Frameworks/CoreVideo.framework; sourceTree = SDKROOT; };
		2B9CFFFE1F00B00C0010611A /* libbz2.tbd */ = {isa = PBXFileReference; lastKnownFileType = "sourcecode.text-based-dylib-definition"; name = libbz2.tbd; path = usr/lib/libbz2.tbd; sourceTree = SDKROOT; };
		2BA6A17520203E22006FDA28 /* LKRefreshGifHeader.h */ = {isa = PBXFileReference; lastKnownFileType = sourcecode.c.h; path = LKRefreshGifHeader.h; sourceTree = "<group>"; };
		2BA6A17620203E22006FDA28 /* LKRefreshGifHeader.m */ = {isa = PBXFileReference; lastKnownFileType = sourcecode.c.objc; path = LKRefreshGifHeader.m; sourceTree = "<group>"; };
		2BA6A17920204D02006FDA28 /* APIConfig.h */ = {isa = PBXFileReference; fileEncoding = 4; lastKnownFileType = sourcecode.c.h; path = APIConfig.h; sourceTree = "<group>"; };
		2BA6A17A20204D02006FDA28 /* APIConfig.m */ = {isa = PBXFileReference; fileEncoding = 4; lastKnownFileType = sourcecode.c.objc; path = APIConfig.m; sourceTree = "<group>"; };
		2BA6A17B20204D02006FDA28 /* HttpTool.h */ = {isa = PBXFileReference; fileEncoding = 4; lastKnownFileType = sourcecode.c.h; path = HttpTool.h; sourceTree = "<group>"; };
		2BA6A17C20204D02006FDA28 /* HttpTool.m */ = {isa = PBXFileReference; fileEncoding = 4; lastKnownFileType = sourcecode.c.objc; path = HttpTool.m; sourceTree = "<group>"; };
		2BA6A17F20204D15006FDA28 /* UIImageView+SDWebImage.h */ = {isa = PBXFileReference; fileEncoding = 4; lastKnownFileType = sourcecode.c.h; name = "UIImageView+SDWebImage.h"; path = "LinekeLive/Classes/Helpers/Categories/UIImageView+SDWebImage.h"; sourceTree = SOURCE_ROOT; };
		2BA6A18020204D15006FDA28 /* UIImageView+SDWebImage.m */ = {isa = PBXFileReference; fileEncoding = 4; lastKnownFileType = sourcecode.c.objc; name = "UIImageView+SDWebImage.m"; path = "LinekeLive/Classes/Helpers/Categories/UIImageView+SDWebImage.m"; sourceTree = SOURCE_ROOT; };
		2BC767292021CC9E0050A76E /* YYFPSLabel.h */ = {isa = PBXFileReference; fileEncoding = 4; lastKnownFileType = sourcecode.c.h; path = YYFPSLabel.h; sourceTree = "<group>"; };
		2BC7672A2021CC9E0050A76E /* YYFPSLabel.m */ = {isa = PBXFileReference; fileEncoding = 4; lastKnownFileType = sourcecode.c.objc; path = YYFPSLabel.m; sourceTree = "<group>"; };
		2BDF10F12019D99900048CF7 /* LKPlayerUserCell.h */ = {isa = PBXFileReference; lastKnownFileType = sourcecode.c.h; path = LKPlayerUserCell.h; sourceTree = "<group>"; };
		2BDF10F22019D99900048CF7 /* LKPlayerUserCell.m */ = {isa = PBXFileReference; lastKnownFileType = sourcecode.c.objc; path = LKPlayerUserCell.m; sourceTree = "<group>"; };
		2BDF10F42019DE0100048CF7 /* LKUserListView.h */ = {isa = PBXFileReference; lastKnownFileType = sourcecode.c.h; path = LKUserListView.h; sourceTree = "<group>"; };
		2BDF10F52019DE0100048CF7 /* LKUserListView.m */ = {isa = PBXFileReference; lastKnownFileType = sourcecode.c.objc; path = LKUserListView.m; sourceTree = "<group>"; };
		2BE9BA57202005A500711676 /* AppDelegate.h */ = {isa = PBXFileReference; fileEncoding = 4; lastKnownFileType = sourcecode.c.h; path = AppDelegate.h; sourceTree = "<group>"; };
		2BE9BA58202005A500711676 /* AppDelegate.m */ = {isa = PBXFileReference; fileEncoding = 4; lastKnownFileType = sourcecode.c.objc; path = AppDelegate.m; sourceTree = "<group>"; };
		2BE9BA5B2020063100711676 /* Reachability.h */ = {isa = PBXFileReference; fileEncoding = 4; lastKnownFileType = sourcecode.c.h; path = Reachability.h; sourceTree = "<group>"; };
		2BE9BA5C2020063100711676 /* Reachability.m */ = {isa = PBXFileReference; fileEncoding = 4; lastKnownFileType = sourcecode.c.objc; path = Reachability.m; sourceTree = "<group>"; };
		2BE9BA5E20200AAE00711676 /* AppDelegate+Util.h */ = {isa = PBXFileReference; lastKnownFileType = sourcecode.c.h; path = "AppDelegate+Util.h"; sourceTree = "<group>"; };
		2BE9BA5F20200AAE00711676 /* AppDelegate+Util.m */ = {isa = PBXFileReference; lastKnownFileType = sourcecode.c.objc; path = "AppDelegate+Util.m"; sourceTree = "<group>"; };
		2BEF620820216E0F00FF597E /* LKFeatureImageCell.h */ = {isa = PBXFileReference; lastKnownFileType = sourcecode.c.h; path = LKFeatureImageCell.h; sourceTree = "<group>"; };
		2BEF620920216E0F00FF597E /* LKFeatureImageCell.m */ = {isa = PBXFileReference; lastKnownFileType = sourcecode.c.objc; path = LKFeatureImageCell.m; sourceTree = "<group>"; };
		2BF8A7F71F49B34E00801F9B /* LKFocuseViewController.m */ = {isa = PBXFileReference; fileEncoding = 4; lastKnownFileType = sourcecode.c.objc; path = LKFocuseViewController.m; sourceTree = "<group>"; };
		AE7E711A1F3B09880019B515 /* LKLaunchLiveViewController.h */ = {isa = PBXFileReference; fileEncoding = 4; lastKnownFileType = sourcecode.c.h; path = LKLaunchLiveViewController.h; sourceTree = "<group>"; };
		AE7E711B1F3B09880019B515 /* LKLaunchLiveViewController.m */ = {isa = PBXFileReference; fileEncoding = 4; lastKnownFileType = sourcecode.c.objc; path = LKLaunchLiveViewController.m; sourceTree = "<group>"; };
		AE7E711C1F3B09880019B515 /* LKLaunchLiveViewController.xib */ = {isa = PBXFileReference; fileEncoding = 4; lastKnownFileType = file.xib; path = LKLaunchLiveViewController.xib; sourceTree = "<group>"; };
		AE7E71201F3B09880019B515 /* camra_beauty@2x.png */ = {isa = PBXFileReference; lastKnownFileType = image.png; path = "camra_beauty@2x.png"; sourceTree = "<group>"; };
		AE7E71211F3B09880019B515 /* camra_beauty@3x.png */ = {isa = PBXFileReference; lastKnownFileType = image.png; path = "camra_beauty@3x.png"; sourceTree = "<group>"; };
		AE7E71221F3B09880019B515 /* camra_beauty_close@2x.png */ = {isa = PBXFileReference; lastKnownFileType = image.png; path = "camra_beauty_close@2x.png"; sourceTree = "<group>"; };
		AE7E71231F3B09880019B515 /* camra_beauty_close@3x.png */ = {isa = PBXFileReference; lastKnownFileType = image.png; path = "camra_beauty_close@3x.png"; sourceTree = "<group>"; };
		AE7E71241F3B09880019B515 /* camra_preview@2x.png */ = {isa = PBXFileReference; lastKnownFileType = image.png; path = "camra_preview@2x.png"; sourceTree = "<group>"; };
		AE7E71251F3B09880019B515 /* camra_preview@3x.png */ = {isa = PBXFileReference; lastKnownFileType = image.png; path = "camra_preview@3x.png"; sourceTree = "<group>"; };
		AE7E71261F3B09880019B515 /* close_preview@2x.png */ = {isa = PBXFileReference; lastKnownFileType = image.png; path = "close_preview@2x.png"; sourceTree = "<group>"; };
		AE7E71271F3B09880019B515 /* close_preview@3x.png */ = {isa = PBXFileReference; lastKnownFileType = image.png; path = "close_preview@3x.png"; sourceTree = "<group>"; };
		AE7E71281F3B09880019B515 /* ios-29x29.png */ = {isa = PBXFileReference; lastKnownFileType = image.png; path = "ios-29x29.png"; sourceTree = "<group>"; };
		AE7E71291F3B09880019B515 /* LFLivePreview.h */ = {isa = PBXFileReference; fileEncoding = 4; lastKnownFileType = sourcecode.c.h; path = LFLivePreview.h; sourceTree = "<group>"; };
		AE7E712A1F3B09880019B515 /* LFLivePreview.m */ = {isa = PBXFileReference; fileEncoding = 4; lastKnownFileType = sourcecode.c.objc; path = LFLivePreview.m; sourceTree = "<group>"; };
		AE7E712C1F3B09880019B515 /* LKLoginViewController.h */ = {isa = PBXFileReference; fileEncoding = 4; lastKnownFileType = sourcecode.c.h; path = LKLoginViewController.h; sourceTree = "<group>"; };
		AE7E712D1F3B09880019B515 /* LKLoginViewController.m */ = {isa = PBXFileReference; fileEncoding = 4; lastKnownFileType = sourcecode.c.objc; path = LKLoginViewController.m; sourceTree = "<group>"; };
		AE7E712E1F3B09880019B515 /* LKLoginViewController.xib */ = {isa = PBXFileReference; fileEncoding = 4; lastKnownFileType = file.xib; path = LKLoginViewController.xib; sourceTree = "<group>"; };
		AE7E71311F3B09880019B515 /* LKMeViewController.h */ = {isa = PBXFileReference; fileEncoding = 4; lastKnownFileType = sourcecode.c.h; path = LKMeViewController.h; sourceTree = "<group>"; };
		AE7E71321F3B09880019B515 /* LKMeViewController.m */ = {isa = PBXFileReference; fileEncoding = 4; lastKnownFileType = sourcecode.c.objc; path = LKMeViewController.m; sourceTree = "<group>"; };
		AE7E71331F3B09880019B515 /* LKSettingViewController.h */ = {isa = PBXFileReference; fileEncoding = 4; lastKnownFileType = sourcecode.c.h; path = LKSettingViewController.h; sourceTree = "<group>"; };
		AE7E71341F3B09880019B515 /* LKSettingViewController.m */ = {isa = PBXFileReference; fileEncoding = 4; lastKnownFileType = sourcecode.c.objc; path = LKSettingViewController.m; sourceTree = "<group>"; };
		AE7E71361F3B09880019B515 /* LKMineModel.h */ = {isa = PBXFileReference; fileEncoding = 4; lastKnownFileType = sourcecode.c.h; path = LKMineModel.h; sourceTree = "<group>"; };
		AE7E71371F3B09880019B515 /* LKMineModel.m */ = {isa = PBXFileReference; fileEncoding = 4; lastKnownFileType = sourcecode.c.objc; path = LKMineModel.m; sourceTree = "<group>"; };
		AE7E71391F3B09880019B515 /* LKMeHeaderView.h */ = {isa = PBXFileReference; fileEncoding = 4; lastKnownFileType = sourcecode.c.h; path = LKMeHeaderView.h; sourceTree = "<group>"; };
		AE7E713A1F3B09880019B515 /* LKMeHeaderView.m */ = {isa = PBXFileReference; fileEncoding = 4; lastKnownFileType = sourcecode.c.objc; path = LKMeHeaderView.m; sourceTree = "<group>"; };
		AE7E713C1F3B09880019B515 /* LKMeTableViewCell.h */ = {isa = PBXFileReference; fileEncoding = 4; lastKnownFileType = sourcecode.c.h; path = LKMeTableViewCell.h; sourceTree = "<group>"; };
		AE7E713D1F3B09880019B515 /* LKMeTableViewCell.m */ = {isa = PBXFileReference; fileEncoding = 4; lastKnownFileType = sourcecode.c.objc; path = LKMeTableViewCell.m; sourceTree = "<group>"; };
		AE7E713E1F3B09880019B515 /* LKMeTableViewCell.xib */ = {isa = PBXFileReference; fileEncoding = 4; lastKnownFileType = file.xib; path = LKMeTableViewCell.xib; sourceTree = "<group>"; };
		AE7E71411F3B09880019B515 /* LKLiveRoomViewController.h */ = {isa = PBXFileReference; fileEncoding = 4; lastKnownFileType = sourcecode.c.h; path = LKLiveRoomViewController.h; sourceTree = "<group>"; };
		AE7E71421F3B09880019B515 /* LKLiveRoomViewController.m */ = {isa = PBXFileReference; fileEncoding = 4; lastKnownFileType = sourcecode.c.objc; path = LKLiveRoomViewController.m; sourceTree = "<group>"; };
		AE7E71431F3B09880019B515 /* LKLiveRoomViewController.xib */ = {isa = PBXFileReference; fileEncoding = 4; lastKnownFileType = file.xib; path = LKLiveRoomViewController.xib; sourceTree = "<group>"; };
		AE7E71441F3B09880019B515 /* LKPlayerViewController.h */ = {isa = PBXFileReference; fileEncoding = 4; lastKnownFileType = sourcecode.c.h; path = LKPlayerViewController.h; sourceTree = "<group>"; };
		AE7E71451F3B09880019B515 /* LKPlayerViewController.m */ = {isa = PBXFileReference; fileEncoding = 4; lastKnownFileType = sourcecode.c.objc; path = LKPlayerViewController.m; sourceTree = "<group>"; };
		AE7E71471F3B09880019B515 /* LKGiftModel.h */ = {isa = PBXFileReference; fileEncoding = 4; lastKnownFileType = sourcecode.c.h; path = LKGiftModel.h; sourceTree = "<group>"; };
		AE7E71481F3B09880019B515 /* LKGiftModel.m */ = {isa = PBXFileReference; fileEncoding = 4; lastKnownFileType = sourcecode.c.objc; path = LKGiftModel.m; sourceTree = "<group>"; };
		AE7E714A1F3B09880019B515 /* LKFlowLayout.h */ = {isa = PBXFileReference; fileEncoding = 4; lastKnownFileType = sourcecode.c.h; path = LKFlowLayout.h; sourceTree = "<group>"; };
		AE7E714B1F3B09880019B515 /* LKFlowLayout.m */ = {isa = PBXFileReference; fileEncoding = 4; lastKnownFileType = sourcecode.c.objc; path = LKFlowLayout.m; sourceTree = "<group>"; };
		AE7E714C1F3B09880019B515 /* LKGiftCollectionViewCell.h */ = {isa = PBXFileReference; fileEncoding = 4; lastKnownFileType = sourcecode.c.h; path = LKGiftCollectionViewCell.h; sourceTree = "<group>"; };
		AE7E714D1F3B09880019B515 /* LKGiftCollectionViewCell.m */ = {isa = PBXFileReference; fileEncoding = 4; lastKnownFileType = sourcecode.c.objc; path = LKGiftCollectionViewCell.m; sourceTree = "<group>"; };
		AE7E714E1F3B09880019B515 /* LKGiftCollectionViewCell.xib */ = {isa = PBXFileReference; fileEncoding = 4; lastKnownFileType = file.xib; path = LKGiftCollectionViewCell.xib; sourceTree = "<group>"; };
		AE7E714F1F3B09880019B515 /* LKGiftListView.h */ = {isa = PBXFileReference; fileEncoding = 4; lastKnownFileType = sourcecode.c.h; path = LKGiftListView.h; sourceTree = "<group>"; };
		AE7E71501F3B09880019B515 /* LKGiftListView.m */ = {isa = PBXFileReference; fileEncoding = 4; lastKnownFileType = sourcecode.c.objc; path = LKGiftListView.m; sourceTree = "<group>"; };
		AE7E71531F3B09880019B515 /* LKFocuseViewController.h */ = {isa = PBXFileReference; fileEncoding = 4; lastKnownFileType = sourcecode.c.h; path = LKFocuseViewController.h; sourceTree = "<group>"; };
		AE7E71551F3B09880019B515 /* LKHotViewController.h */ = {isa = PBXFileReference; fileEncoding = 4; lastKnownFileType = sourcecode.c.h; path = LKHotViewController.h; sourceTree = "<group>"; };
		AE7E71561F3B09880019B515 /* LKHotViewController.m */ = {isa = PBXFileReference; fileEncoding = 4; lastKnownFileType = sourcecode.c.objc; path = LKHotViewController.m; sourceTree = "<group>"; };
		AE7E71571F3B09880019B515 /* LKMainViewController.h */ = {isa = PBXFileReference; fileEncoding = 4; lastKnownFileType = sourcecode.c.h; path = LKMainViewController.h; sourceTree = "<group>"; };
		AE7E71581F3B09880019B515 /* LKMainViewController.m */ = {isa = PBXFileReference; fileEncoding = 4; lastKnownFileType = sourcecode.c.objc; path = LKMainViewController.m; sourceTree = "<group>"; };
		AE7E71591F3B09880019B515 /* LKNearViewController.h */ = {isa = PBXFileReference; fileEncoding = 4; lastKnownFileType = sourcecode.c.h; path = LKNearViewController.h; sourceTree = "<group>"; };
		AE7E715A1F3B09880019B515 /* LKNearViewController.m */ = {isa = PBXFileReference; fileEncoding = 4; lastKnownFileType = sourcecode.c.objc; path = LKNearViewController.m; sourceTree = "<group>"; };
		AE7E715C1F3B09880019B515 /* LKLiveHandler.h */ = {isa = PBXFileReference; fileEncoding = 4; lastKnownFileType = sourcecode.c.h; path = LKLiveHandler.h; sourceTree = "<group>"; };
		AE7E715D1F3B09880019B515 /* LKLiveHandler.m */ = {isa = PBXFileReference; fileEncoding = 4; lastKnownFileType = sourcecode.c.objc; path = LKLiveHandler.m; sourceTree = "<group>"; };
		AE7E715F1F3B09880019B515 /* LKCreatorModel.h */ = {isa = PBXFileReference; fileEncoding = 4; lastKnownFileType = sourcecode.c.h; path = LKCreatorModel.h; sourceTree = "<group>"; };
		AE7E71601F3B09880019B515 /* LKCreatorModel.m */ = {isa = PBXFileReference; fileEncoding = 4; lastKnownFileType = sourcecode.c.objc; path = LKCreatorModel.m; sourceTree = "<group>"; };
		AE7E71611F3B09880019B515 /* LKExtra.h */ = {isa = PBXFileReference; fileEncoding = 4; lastKnownFileType = sourcecode.c.h; path = LKExtra.h; sourceTree = "<group>"; };
		AE7E71621F3B09880019B515 /* LKExtra.m */ = {isa = PBXFileReference; fileEncoding = 4; lastKnownFileType = sourcecode.c.objc; path = LKExtra.m; sourceTree = "<group>"; };
		AE7E71631F3B09880019B515 /* LKLiveModel.h */ = {isa = PBXFileReference; fileEncoding = 4; lastKnownFileType = sourcecode.c.h; path = LKLiveModel.h; sourceTree = "<group>"; };
		AE7E71641F3B09880019B515 /* LKLiveModel.m */ = {isa = PBXFileReference; fileEncoding = 4; lastKnownFileType = sourcecode.c.objc; path = LKLiveModel.m; sourceTree = "<group>"; };
		AE7E71651F3B09880019B515 /* MJExtensionConfig.h */ = {isa = PBXFileReference; fileEncoding = 4; lastKnownFileType = sourcecode.c.h; path = MJExtensionConfig.h; sourceTree = "<group>"; };
		AE7E71661F3B09880019B515 /* MJExtensionConfig.m */ = {isa = PBXFileReference; fileEncoding = 4; lastKnownFileType = sourcecode.c.objc; path = MJExtensionConfig.m; sourceTree = "<group>"; };
		AE7E71681F3B09880019B515 /* LKHotLiveTableViewCell.h */ = {isa = PBXFileReference; fileEncoding = 4; lastKnownFileType = sourcecode.c.h; path = LKHotLiveTableViewCell.h; sourceTree = "<group>"; };
		AE7E71691F3B09880019B515 /* LKHotLiveTableViewCell.m */ = {isa = PBXFileReference; fileEncoding = 4; lastKnownFileType = sourcecode.c.objc; path = LKHotLiveTableViewCell.m; sourceTree = "<group>"; };
		AE7E716A1F3B09880019B515 /* LKHotLiveTableViewCell.xib */ = {isa = PBXFileReference; fileEncoding = 4; lastKnownFileType = file.xib; path = LKHotLiveTableViewCell.xib; sourceTree = "<group>"; };
		AE7E716B1F3B09880019B515 /* LKMainSegmentView.h */ = {isa = PBXFileReference; fileEncoding = 4; lastKnownFileType = sourcecode.c.h; path = LKMainSegmentView.h; sourceTree = "<group>"; };
		AE7E716C1F3B09880019B515 /* LKMainSegmentView.m */ = {isa = PBXFileReference; fileEncoding = 4; lastKnownFileType = sourcecode.c.objc; path = LKMainSegmentView.m; sourceTree = "<group>"; };
		AE7E716D1F3B09880019B515 /* LKNearCollectionViewCell.h */ = {isa = PBXFileReference; fileEncoding = 4; lastKnownFileType = sourcecode.c.h; path = LKNearCollectionViewCell.h; sourceTree = "<group>"; };
		AE7E716E1F3B09880019B515 /* LKNearCollectionViewCell.m */ = {isa = PBXFileReference; fileEncoding = 4; lastKnownFileType = sourcecode.c.objc; path = LKNearCollectionViewCell.m; sourceTree = "<group>"; };
		AE7E716F1F3B09880019B515 /* LKNearCollectionViewCell.xib */ = {isa = PBXFileReference; fileEncoding = 4; lastKnownFileType = file.xib; path = LKNearCollectionViewCell.xib; sourceTree = "<group>"; };
		AEB945E31F395FA9009386D7 /* LKGiftCore.h */ = {isa = PBXFileReference; lastKnownFileType = sourcecode.c.h; path = LKGiftCore.h; sourceTree = "<group>"; };
		AEB945E41F396011009386D7 /* LKLogCore.h */ = {isa = PBXFileReference; lastKnownFileType = sourcecode.c.h; path = LKLogCore.h; sourceTree = "<group>"; };
		AEB945E51F39606A009386D7 /* LKGiftSendView.h */ = {isa = PBXFileReference; fileEncoding = 4; lastKnownFileType = sourcecode.c.h; path = LKGiftSendView.h; sourceTree = "<group>"; };
		AEB945E61F39606A009386D7 /* LKGiftSendView.m */ = {isa = PBXFileReference; fileEncoding = 4; lastKnownFileType = sourcecode.c.objc; path = LKGiftSendView.m; sourceTree = "<group>"; };
		AEB945E81F3997CC009386D7 /* LKGiftData.h */ = {isa = PBXFileReference; fileEncoding = 4; lastKnownFileType = sourcecode.c.h; path = LKGiftData.h; sourceTree = "<group>"; };
		AEB945E91F3997CC009386D7 /* LKGiftData.m */ = {isa = PBXFileReference; fileEncoding = 4; lastKnownFileType = sourcecode.c.objc; path = LKGiftData.m; sourceTree = "<group>"; };
		AEB945EB1F39ADFA009386D7 /* LKAnimation.h */ = {isa = PBXFileReference; fileEncoding = 4; lastKnownFileType = sourcecode.c.h; path = LKAnimation.h; sourceTree = "<group>"; };
		AEB945EC1F39ADFA009386D7 /* LKAnimation.m */ = {isa = PBXFileReference; fileEncoding = 4; lastKnownFileType = sourcecode.c.objc; path = LKAnimation.m; sourceTree = "<group>"; };
		AEB945EE1F39B752009386D7 /* LKAnimationManager.h */ = {isa = PBXFileReference; fileEncoding = 4; lastKnownFileType = sourcecode.c.h; path = LKAnimationManager.h; sourceTree = "<group>"; };
		AEB945EF1F39B752009386D7 /* LKAnimationManager.m */ = {isa = PBXFileReference; fileEncoding = 4; lastKnownFileType = sourcecode.c.objc; path = LKAnimationManager.m; sourceTree = "<group>"; };
		AEB945F11F39BD37009386D7 /* LKCacheData.h */ = {isa = PBXFileReference; fileEncoding = 4; lastKnownFileType = sourcecode.c.h; path = LKCacheData.h; sourceTree = "<group>"; };
		AEB945F21F39BD37009386D7 /* LKCacheData.m */ = {isa = PBXFileReference; fileEncoding = 4; lastKnownFileType = sourcecode.c.objc; path = LKCacheData.m; sourceTree = "<group>"; };
		C35D5F4314E2739372BBE43A /* libPods-LinekeLive.a */ = {isa = PBXFileReference; explicitFileType = archive.ar; includeInIndex = 0; path = "libPods-LinekeLive.a"; sourceTree = BUILT_PRODUCTS_DIR; };
		D18A9382935CEB4084DD0F90 /* Pods-LinekeLive.release.xcconfig */ = {isa = PBXFileReference; includeInIndex = 1; lastKnownFileType = text.xcconfig; name = "Pods-LinekeLive.release.xcconfig"; path = "Pods/Target Support Files/Pods-LinekeLive/Pods-LinekeLive.release.xcconfig"; sourceTree = "<group>"; };
		F5117E62DD19283FE20BA3DC /* Pods-LinekeLive.debug.xcconfig */ = {isa = PBXFileReference; includeInIndex = 1; lastKnownFileType = text.xcconfig; name = "Pods-LinekeLive.debug.xcconfig"; path = "Pods/Target Support Files/Pods-LinekeLive/Pods-LinekeLive.debug.xcconfig"; sourceTree = "<group>"; };
/* End PBXFileReference section */

/* Begin PBXFrameworksBuildPhase section */
		2B55FBC01EFA73E0005A83BE /* Frameworks */ = {
			isa = PBXFrameworksBuildPhase;
			buildActionMask = 2147483647;
			files = (
				2B9C00221F00F6010010611A /* CoreLocation.framework in Frameworks */,
				2B9C000D1F00B0630010611A /* AVFoundation.framework in Frameworks */,
				2B9C000B1F00B04C0010611A /* VideoToolbox.framework in Frameworks */,
				2B9C00091F00B03E0010611A /* QuartzCore.framework in Frameworks */,
				2B9C00071F00B0320010611A /* OpenGLES.framework in Frameworks */,
				2B9C00051F00B0280010611A /* MobileCoreServices.framework in Frameworks */,
				2B9C00031F00B01D0010611A /* MediaPlayer.framework in Frameworks */,
				2B9C00011F00B0150010611A /* libz.tbd in Frameworks */,
				2B9CFFFF1F00B00C0010611A /* libbz2.tbd in Frameworks */,
				2B9CFFFD1F00AFFD0010611A /* CoreVideo.framework in Frameworks */,
				2B9CFFFB1F00AFF00010611A /* CoreMedia.framework in Frameworks */,
				2B9CFFF91F00AFE50010611A /* CoreGraphics.framework in Frameworks */,
				2B9CFFF71F00AFD10010611A /* AudioToolbox.framework in Frameworks */,
				E8DE294AD7D0CAD927DC4607 /* libPods-LinekeLive.a in Frameworks */,
				2B9CFFED1F00A07A0010611A /* IJKMediaFramework.framework in Frameworks */,
			);
			runOnlyForDeploymentPostprocessing = 0;
		};
		2B55FBD91EFA73E0005A83BE /* Frameworks */ = {
			isa = PBXFrameworksBuildPhase;
			buildActionMask = 2147483647;
			files = (
			);
			runOnlyForDeploymentPostprocessing = 0;
		};
		2B55FBE41EFA73E0005A83BE /* Frameworks */ = {
			isa = PBXFrameworksBuildPhase;
			buildActionMask = 2147483647;
			files = (
			);
			runOnlyForDeploymentPostprocessing = 0;
		};
/* End PBXFrameworksBuildPhase section */

/* Begin PBXGroup section */
		2B147A521EFF562F0019312D /* BaseEncrypt */ = {
			isa = PBXGroup;
			children = (
				2BA6A17F20204D15006FDA28 /* UIImageView+SDWebImage.h */,
				2BA6A18020204D15006FDA28 /* UIImageView+SDWebImage.m */,
				2B147A531EFF562F0019312D /* Base64.h */,
				2B147A541EFF562F0019312D /* Base64.m */,
				2B147A551EFF562F0019312D /* BasicCommonUtils.h */,
				2B147A561EFF562F0019312D /* BasicCommonUtils.m */,
				2B147A571EFF562F0019312D /* GTMBase64.h */,
				2B147A581EFF562F0019312D /* GTMBase64.m */,
				2B147A591EFF562F0019312D /* GTMDefines.h */,
			);
			path = BaseEncrypt;
			sourceTree = "<group>";
		};
		2B147A7C1EFFAA490019312D /* XDProgressHUD */ = {
			isa = PBXGroup;
			children = (
				2B147A7D1EFFAA490019312D /* XDProgressHUD.h */,
				2B147A7E1EFFAA490019312D /* XDProgressHUD.m */,
			);
			path = XDProgressHUD;
			sourceTree = "<group>";
		};
		2B1E7FC21F458B0800B00C58 /* LKBarrageCore */ = {
			isa = PBXGroup;
			children = (
				2B1E7FC31F458B0800B00C58 /* CALayer+Aimate.h */,
				2B1E7FC41F458B0800B00C58 /* CALayer+Aimate.m */,
				2B1E7FC51F458B0800B00C58 /* LKDanmuModel.h */,
				2B1E7FC61F458B0800B00C58 /* LKDanmuModel.m */,
				2B1E7FC71F458B0800B00C58 /* LKDanmuModelProtocol.h */,
				2B1E7FC81F458B0800B00C58 /* LKDanmuView.h */,
				2B1E7FC91F458B0800B00C58 /* LKDanmuView.m */,
			);
			path = LKBarrageCore;
			sourceTree = "<group>";
		};
		2B55FBBA1EFA73E0005A83BE = {
			isa = PBXGroup;
			children = (
				2B55FBC51EFA73E0005A83BE /* LinekeLive */,
				2B55FBDF1EFA73E0005A83BE /* LinekeLiveTests */,
				2B55FBEA1EFA73E0005A83BE /* LinekeLiveUITests */,
				2B55FBC41EFA73E0005A83BE /* Products */,
				64D6A1686B72F7FF8C4D76D6 /* Pods */,
				611CC6AEAB7F8BE508BF8CD4 /* Frameworks */,
			);
			sourceTree = "<group>";
		};
		2B55FBC41EFA73E0005A83BE /* Products */ = {
			isa = PBXGroup;
			children = (
				2B55FBC31EFA73E0005A83BE /* LinekeLive.app */,
				2B55FBDC1EFA73E0005A83BE /* LinekeLiveTests.xctest */,
				2B55FBE71EFA73E0005A83BE /* LinekeLiveUITests.xctest */,
			);
			name = Products;
			sourceTree = "<group>";
		};
		2B55FBC51EFA73E0005A83BE /* LinekeLive */ = {
			isa = PBXGroup;
			children = (
				2B9CFFEC1F00A07A0010611A /* IJKMediaFramework.framework */,
				2B55FBF91EFA743F005A83BE /* Classes */,
				2B55FBC61EFA73E0005A83BE /* Supporting Files */,
			);
			path = LinekeLive;
			sourceTree = "<group>";
		};
		2B55FBC61EFA73E0005A83BE /* Supporting Files */ = {
			isa = PBXGroup;
			children = (
				2B55FBD21EFA73E0005A83BE /* Assets.xcassets */,
				2B55FBD41EFA73E0005A83BE /* LaunchScreen.storyboard */,
				2B55FBD71EFA73E0005A83BE /* Info.plist */,
				2B55FBC71EFA73E0005A83BE /* main.m */,
			);
			name = "Supporting Files";
			sourceTree = "<group>";
		};
		2B55FBDF1EFA73E0005A83BE /* LinekeLiveTests */ = {
			isa = PBXGroup;
			children = (
				2B55FBE01EFA73E0005A83BE /* LinekeLiveTests.m */,
				2B55FBE21EFA73E0005A83BE /* Info.plist */,
			);
			path = LinekeLiveTests;
			sourceTree = "<group>";
		};
		2B55FBEA1EFA73E0005A83BE /* LinekeLiveUITests */ = {
			isa = PBXGroup;
			children = (
				2B55FBEB1EFA73E0005A83BE /* LinekeLiveUITests.m */,
				2B55FBED1EFA73E0005A83BE /* Info.plist */,
			);
			path = LinekeLiveUITests;
			sourceTree = "<group>";
		};
		2B55FBF91EFA743F005A83BE /* Classes */ = {
			isa = PBXGroup;
			children = (
				2B55FBFA1EFA743F005A83BE /* Base */,
				2B55FBFB1EFA743F005A83BE /* Helpers */,
				AE7E71171F3B09880019B515 /* ModuleControllers */,
				2BA6A17820204D02006FDA28 /* RequestAdapter */,
				2BE9BA56202005A500711676 /* AppDelegate */,
				2B55FC081EFA743F005A83BE /* Other */,
			);
			path = Classes;
			sourceTree = "<group>";
		};
		2B55FBFA1EFA743F005A83BE /* Base */ = {
			isa = PBXGroup;
			children = (
				2B75AF7C1EFCC89400BFE311 /* LKBasicTabBarController.h */,
				2B75AF7D1EFCC89400BFE311 /* LKBasicTabBarController.m */,
				2B75AF931EFCEEBC00BFE311 /* LKBasicNavigationController.h */,
				2B75AF941EFCEEBC00BFE311 /* LKBasicNavigationController.m */,
				2B75AF861EFCED4700BFE311 /* LKBasicViewController.h */,
				2B75AF871EFCED4700BFE311 /* LKBasicViewController.m */,
				2B9C001B1F00E5160010611A /* LKHasNavViewController.h */,
				2B9C001C1F00E5160010611A /* LKHasNavViewController.m */,
				2B75AF7F1EFCC8B900BFE311 /* LKBasicTabBar.h */,
				2B75AF801EFCC8B900BFE311 /* LKBasicTabBar.m */,
				2B147A661EFF5F770019312D /* LKBaseHandler.h */,
				2B147A671EFF5F770019312D /* LKBaseHandler.m */,
			);
			path = Base;
			sourceTree = "<group>";
		};
		2B55FBFB1EFA743F005A83BE /* Helpers */ = {
			isa = PBXGroup;
			children = (
				2B55FBFC1EFA743F005A83BE /* Categories */,
				2B55FBFD1EFA743F005A83BE /* Tools */,
				AE7E719B1F3B0B0D0019B515 /* Lib */,
			);
			path = Helpers;
			sourceTree = "<group>";
		};
		2B55FBFC1EFA743F005A83BE /* Categories */ = {
			isa = PBXGroup;
			children = (
				2B147A521EFF562F0019312D /* BaseEncrypt */,
				2B704C8D1EFB703D0020A0D6 /* UIColor+Extension.h */,
				2B704C8E1EFB703D0020A0D6 /* UIColor+Extension.m */,
				2B704C8F1EFB703D0020A0D6 /* UIColor+UIImage.h */,
				2B704C901EFB703D0020A0D6 /* UIColor+UIImage.m */,
				2B704C911EFB703D0020A0D6 /* UIImage+Additions.h */,
				2B704C921EFB703D0020A0D6 /* UIImage+Additions.m */,
				2B704C931EFB703D0020A0D6 /* UIImage+Estend.h */,
				2B704C941EFB703D0020A0D6 /* UIImage+Estend.m */,
				2B704C951EFB703D0020A0D6 /* UIImage+Extension.h */,
				2B704C961EFB703D0020A0D6 /* UIImage+Extension.m */,
				2B147A4F1EFF557C0019312D /* NSString+Encrypt.h */,
				2B147A501EFF557C0019312D /* NSString+Encrypt.m */,
			);
			path = Categories;
			sourceTree = "<group>";
		};
		2B55FBFD1EFA743F005A83BE /* Tools */ = {
			isa = PBXGroup;
			children = (
				AEB945E01F395E71009386D7 /* LKGiftCore */,
				2BA6A17420203E06006FDA28 /* LKRefresh */,
				2B1E7FC21F458B0800B00C58 /* LKBarrageCore */,
				2B147A7C1EFFAA490019312D /* XDProgressHUD */,
				2B9C001E1F00F4E70010611A /* LKLocationManager.h */,
				2B9C001F1F00F4E70010611A /* LKLocationManager.m */,
				2B5AF4061F020F8800D83361 /* LKCacheHelper.h */,
				2B5AF4071F020F8800D83361 /* LKCacheHelper.m */,
			);
			path = Tools;
			sourceTree = "<group>";
		};
		2B55FC081EFA743F005A83BE /* Other */ = {
			isa = PBXGroup;
			children = (
				2B5AF3FA1F02041F00D83361 /* Advertise */,
				2B704C9C1EFB71C00020A0D6 /* lineKePrefix.pch */,
				2B704C9D1EFB744F0020A0D6 /* LineKeMacros.h */,
				2B4B31F51FF13F1200E77A84 /* LKEnumHeader.h */,
			);
			path = Other;
			sourceTree = "<group>";
		};
		2B5AF3FA1F02041F00D83361 /* Advertise */ = {
			isa = PBXGroup;
			children = (
				2B5AF3FC1F02043B00D83361 /* Model */,
				2B5AF3FD1F02043B00D83361 /* View */,
			);
			path = Advertise;
			sourceTree = "<group>";
		};
		2B5AF3FC1F02043B00D83361 /* Model */ = {
			isa = PBXGroup;
			children = (
				2B5AF3FE1F02046600D83361 /* LKAdvertModel.h */,
				2B5AF3FF1F02046600D83361 /* LKAdvertModel.m */,
			);
			path = Model;
			sourceTree = "<group>";
		};
		2B5AF3FD1F02043B00D83361 /* View */ = {
			isa = PBXGroup;
			children = (
				2B5AF4011F0206BE00D83361 /* LKNewFeatureView.h */,
				2B5AF4021F0206BE00D83361 /* LKNewFeatureView.m */,
				2BEF620820216E0F00FF597E /* LKFeatureImageCell.h */,
				2BEF620920216E0F00FF597E /* LKFeatureImageCell.m */,
			);
			path = View;
			sourceTree = "<group>";
		};
		2BA6A17420203E06006FDA28 /* LKRefresh */ = {
			isa = PBXGroup;
			children = (
				2BA6A17520203E22006FDA28 /* LKRefreshGifHeader.h */,
				2BA6A17620203E22006FDA28 /* LKRefreshGifHeader.m */,
			);
			path = LKRefresh;
			sourceTree = "<group>";
		};
		2BA6A17820204D02006FDA28 /* RequestAdapter */ = {
			isa = PBXGroup;
			children = (
				2BA6A17920204D02006FDA28 /* APIConfig.h */,
				2BA6A17A20204D02006FDA28 /* APIConfig.m */,
				2BA6A17B20204D02006FDA28 /* HttpTool.h */,
				2BA6A17C20204D02006FDA28 /* HttpTool.m */,
			);
			path = RequestAdapter;
			sourceTree = "<group>";
		};
		2BC767282021CC9E0050A76E /* YYFPSLabel */ = {
			isa = PBXGroup;
			children = (
				2BC767292021CC9E0050A76E /* YYFPSLabel.h */,
				2BC7672A2021CC9E0050A76E /* YYFPSLabel.m */,
			);
			path = YYFPSLabel;
			sourceTree = "<group>";
		};
		2BE9BA56202005A500711676 /* AppDelegate */ = {
			isa = PBXGroup;
			children = (
				2BE9BA57202005A500711676 /* AppDelegate.h */,
				2BE9BA58202005A500711676 /* AppDelegate.m */,
				2BE9BA5E20200AAE00711676 /* AppDelegate+Util.h */,
				2BE9BA5F20200AAE00711676 /* AppDelegate+Util.m */,
			);
			path = AppDelegate;
			sourceTree = "<group>";
		};
		2BE9BA5A2020063100711676 /* Reachability */ = {
			isa = PBXGroup;
			children = (
				2BE9BA5B2020063100711676 /* Reachability.h */,
				2BE9BA5C2020063100711676 /* Reachability.m */,
			);
			path = Reachability;
			sourceTree = "<group>";
		};
		611CC6AEAB7F8BE508BF8CD4 /* Frameworks */ = {
			isa = PBXGroup;
			children = (
				2B9C00211F00F6010010611A /* CoreLocation.framework */,
				2B9C000C1F00B0630010611A /* AVFoundation.framework */,
				2B9C000A1F00B04C0010611A /* VideoToolbox.framework */,
				2B9C00081F00B03E0010611A /* QuartzCore.framework */,
				2B9C00061F00B0320010611A /* OpenGLES.framework */,
				2B9C00041F00B0280010611A /* MobileCoreServices.framework */,
				2B9C00021F00B01D0010611A /* MediaPlayer.framework */,
				2B9C00001F00B0150010611A /* libz.tbd */,
				2B9CFFFE1F00B00C0010611A /* libbz2.tbd */,
				2B9CFFFC1F00AFFD0010611A /* CoreVideo.framework */,
				2B9CFFFA1F00AFF00010611A /* CoreMedia.framework */,
				2B9CFFF81F00AFE50010611A /* CoreGraphics.framework */,
				2B9CFFF61F00AFD10010611A /* AudioToolbox.framework */,
				C35D5F4314E2739372BBE43A /* libPods-LinekeLive.a */,
			);
			name = Frameworks;
			sourceTree = "<group>";
		};
		64D6A1686B72F7FF8C4D76D6 /* Pods */ = {
			isa = PBXGroup;
			children = (
				F5117E62DD19283FE20BA3DC /* Pods-LinekeLive.debug.xcconfig */,
				D18A9382935CEB4084DD0F90 /* Pods-LinekeLive.release.xcconfig */,
			);
			name = Pods;
			sourceTree = "<group>";
		};
		AE7E71171F3B09880019B515 /* ModuleControllers */ = {
			isa = PBXGroup;
			children = (
				AE7E712B1F3B09880019B515 /* Main */,
				AE7E71181F3B09880019B515 /* Live */,
				AE7E712F1F3B09880019B515 /* Mine */,
				AE7E713F1F3B09880019B515 /* Player */,
				AE7E71511F3B09880019B515 /* Show */,
			);
			path = ModuleControllers;
			sourceTree = "<group>";
		};
		AE7E71181F3B09880019B515 /* Live */ = {
			isa = PBXGroup;
			children = (
				AE7E71191F3B09880019B515 /* Controller */,
				AE7E711D1F3B09880019B515 /* Model */,
				AE7E711E1F3B09880019B515 /* View */,
			);
			path = Live;
			sourceTree = "<group>";
		};
		AE7E71191F3B09880019B515 /* Controller */ = {
			isa = PBXGroup;
			children = (
				AE7E711A1F3B09880019B515 /* LKLaunchLiveViewController.h */,
				AE7E711B1F3B09880019B515 /* LKLaunchLiveViewController.m */,
				AE7E711C1F3B09880019B515 /* LKLaunchLiveViewController.xib */,
			);
			path = Controller;
			sourceTree = "<group>";
		};
		AE7E711D1F3B09880019B515 /* Model */ = {
			isa = PBXGroup;
			children = (
			);
			path = Model;
			sourceTree = "<group>";
		};
		AE7E711E1F3B09880019B515 /* View */ = {
			isa = PBXGroup;
			children = (
				AE7E711F1F3B09880019B515 /* images */,
				AE7E71291F3B09880019B515 /* LFLivePreview.h */,
				AE7E712A1F3B09880019B515 /* LFLivePreview.m */,
			);
			path = View;
			sourceTree = "<group>";
		};
		AE7E711F1F3B09880019B515 /* images */ = {
			isa = PBXGroup;
			children = (
				AE7E71201F3B09880019B515 /* camra_beauty@2x.png */,
				AE7E71211F3B09880019B515 /* camra_beauty@3x.png */,
				AE7E71221F3B09880019B515 /* camra_beauty_close@2x.png */,
				AE7E71231F3B09880019B515 /* camra_beauty_close@3x.png */,
				AE7E71241F3B09880019B515 /* camra_preview@2x.png */,
				AE7E71251F3B09880019B515 /* camra_preview@3x.png */,
				AE7E71261F3B09880019B515 /* close_preview@2x.png */,
				AE7E71271F3B09880019B515 /* close_preview@3x.png */,
				AE7E71281F3B09880019B515 /* ios-29x29.png */,
			);
			path = images;
			sourceTree = "<group>";
		};
		AE7E712B1F3B09880019B515 /* Main */ = {
			isa = PBXGroup;
			children = (
				AE7E712C1F3B09880019B515 /* LKLoginViewController.h */,
				AE7E712D1F3B09880019B515 /* LKLoginViewController.m */,
				AE7E712E1F3B09880019B515 /* LKLoginViewController.xib */,
			);
			path = Main;
			sourceTree = "<group>";
		};
		AE7E712F1F3B09880019B515 /* Mine */ = {
			isa = PBXGroup;
			children = (
				AE7E71301F3B09880019B515 /* Controller */,
				AE7E71351F3B09880019B515 /* Model */,
				AE7E71381F3B09880019B515 /* View */,
			);
			path = Mine;
			sourceTree = "<group>";
		};
		AE7E71301F3B09880019B515 /* Controller */ = {
			isa = PBXGroup;
			children = (
				AE7E71311F3B09880019B515 /* LKMeViewController.h */,
				AE7E71321F3B09880019B515 /* LKMeViewController.m */,
				AE7E71331F3B09880019B515 /* LKSettingViewController.h */,
				AE7E71341F3B09880019B515 /* LKSettingViewController.m */,
			);
			path = Controller;
			sourceTree = "<group>";
		};
		AE7E71351F3B09880019B515 /* Model */ = {
			isa = PBXGroup;
			children = (
				AE7E71361F3B09880019B515 /* LKMineModel.h */,
				AE7E71371F3B09880019B515 /* LKMineModel.m */,
			);
			path = Model;
			sourceTree = "<group>";
		};
		AE7E71381F3B09880019B515 /* View */ = {
			isa = PBXGroup;
			children = (
				AE7E71391F3B09880019B515 /* LKMeHeaderView.h */,
				AE7E713A1F3B09880019B515 /* LKMeHeaderView.m */,
				AE7E713C1F3B09880019B515 /* LKMeTableViewCell.h */,
				AE7E713D1F3B09880019B515 /* LKMeTableViewCell.m */,
				AE7E713E1F3B09880019B515 /* LKMeTableViewCell.xib */,
			);
			path = View;
			sourceTree = "<group>";
		};
		AE7E713F1F3B09880019B515 /* Player */ = {
			isa = PBXGroup;
			children = (
				AE7E71401F3B09880019B515 /* Controller */,
				AE7E71461F3B09880019B515 /* Model */,
				AE7E71491F3B09880019B515 /* View */,
			);
			path = Player;
			sourceTree = "<group>";
		};
		AE7E71401F3B09880019B515 /* Controller */ = {
			isa = PBXGroup;
			children = (
				AE7E71411F3B09880019B515 /* LKLiveRoomViewController.h */,
				AE7E71421F3B09880019B515 /* LKLiveRoomViewController.m */,
				AE7E71431F3B09880019B515 /* LKLiveRoomViewController.xib */,
				AE7E71441F3B09880019B515 /* LKPlayerViewController.h */,
				AE7E71451F3B09880019B515 /* LKPlayerViewController.m */,
			);
			path = Controller;
			sourceTree = "<group>";
		};
		AE7E71461F3B09880019B515 /* Model */ = {
			isa = PBXGroup;
			children = (
				AE7E71471F3B09880019B515 /* LKGiftModel.h */,
				AE7E71481F3B09880019B515 /* LKGiftModel.m */,
				2B1E7FD51F45A60700B00C58 /* LKTalkModel.h */,
				2B1E7FD61F45A60700B00C58 /* LKTalkModel.m */,
			);
			path = Model;
			sourceTree = "<group>";
		};
		AE7E71491F3B09880019B515 /* View */ = {
			isa = PBXGroup;
			children = (
				AE7E714A1F3B09880019B515 /* LKFlowLayout.h */,
				AE7E714B1F3B09880019B515 /* LKFlowLayout.m */,
				AE7E714C1F3B09880019B515 /* LKGiftCollectionViewCell.h */,
				AE7E714D1F3B09880019B515 /* LKGiftCollectionViewCell.m */,
				AE7E714E1F3B09880019B515 /* LKGiftCollectionViewCell.xib */,
				AE7E714F1F3B09880019B515 /* LKGiftListView.h */,
				AE7E71501F3B09880019B515 /* LKGiftListView.m */,
				2B1E7FCD1F458BDD00B00C58 /* LKLiveSessionView.h */,
				2B1E7FCE1F458BDD00B00C58 /* LKLiveSessionView.m */,
				2B8A333C1F4824880090B2BB /* LKShareActivityView.h */,
				2B8A333D1F4824880090B2BB /* LKShareActivityView.m */,
				2BDF10F12019D99900048CF7 /* LKPlayerUserCell.h */,
				2BDF10F22019D99900048CF7 /* LKPlayerUserCell.m */,
				2BDF10F42019DE0100048CF7 /* LKUserListView.h */,
				2BDF10F52019DE0100048CF7 /* LKUserListView.m */,
				2B1E7FD01F459B2100B00C58 /* LKTalkTableViewCell.h */,
				2B1E7FD11F459B2100B00C58 /* LKTalkTableViewCell.m */,
				2B1E7FD21F459B2100B00C58 /* LKTalkTableViewCell.xib */,
			);
			path = View;
			sourceTree = "<group>";
		};
		AE7E71511F3B09880019B515 /* Show */ = {
			isa = PBXGroup;
			children = (
				AE7E71521F3B09880019B515 /* Controller */,
				AE7E715B1F3B09880019B515 /* Handler */,
				AE7E715E1F3B09880019B515 /* Model */,
				AE7E71671F3B09880019B515 /* View */,
			);
			path = Show;
			sourceTree = "<group>";
		};
		AE7E71521F3B09880019B515 /* Controller */ = {
			isa = PBXGroup;
			children = (
				AE7E71531F3B09880019B515 /* LKFocuseViewController.h */,
				2BF8A7F71F49B34E00801F9B /* LKFocuseViewController.m */,
				AE7E71551F3B09880019B515 /* LKHotViewController.h */,
				AE7E71561F3B09880019B515 /* LKHotViewController.m */,
				AE7E71571F3B09880019B515 /* LKMainViewController.h */,
				AE7E71581F3B09880019B515 /* LKMainViewController.m */,
				AE7E71591F3B09880019B515 /* LKNearViewController.h */,
				AE7E715A1F3B09880019B515 /* LKNearViewController.m */,
			);
			path = Controller;
			sourceTree = "<group>";
		};
		AE7E715B1F3B09880019B515 /* Handler */ = {
			isa = PBXGroup;
			children = (
				AE7E715C1F3B09880019B515 /* LKLiveHandler.h */,
				AE7E715D1F3B09880019B515 /* LKLiveHandler.m */,
			);
			path = Handler;
			sourceTree = "<group>";
		};
		AE7E715E1F3B09880019B515 /* Model */ = {
			isa = PBXGroup;
			children = (
				AE7E715F1F3B09880019B515 /* LKCreatorModel.h */,
				AE7E71601F3B09880019B515 /* LKCreatorModel.m */,
				AE7E71611F3B09880019B515 /* LKExtra.h */,
				AE7E71621F3B09880019B515 /* LKExtra.m */,
				AE7E71631F3B09880019B515 /* LKLiveModel.h */,
				AE7E71641F3B09880019B515 /* LKLiveModel.m */,
				AE7E71651F3B09880019B515 /* MJExtensionConfig.h */,
				AE7E71661F3B09880019B515 /* MJExtensionConfig.m */,
			);
			path = Model;
			sourceTree = "<group>";
		};
		AE7E71671F3B09880019B515 /* View */ = {
			isa = PBXGroup;
			children = (
				AE7E71681F3B09880019B515 /* LKHotLiveTableViewCell.h */,
				AE7E71691F3B09880019B515 /* LKHotLiveTableViewCell.m */,
				AE7E716A1F3B09880019B515 /* LKHotLiveTableViewCell.xib */,
				AE7E716B1F3B09880019B515 /* LKMainSegmentView.h */,
				AE7E716C1F3B09880019B515 /* LKMainSegmentView.m */,
				AE7E716D1F3B09880019B515 /* LKNearCollectionViewCell.h */,
				AE7E716E1F3B09880019B515 /* LKNearCollectionViewCell.m */,
				AE7E716F1F3B09880019B515 /* LKNearCollectionViewCell.xib */,
			);
			path = View;
			sourceTree = "<group>";
		};
		AE7E719B1F3B0B0D0019B515 /* Lib */ = {
			isa = PBXGroup;
			children = (
				2BC767282021CC9E0050A76E /* YYFPSLabel */,
				2BE9BA5A2020063100711676 /* Reachability */,
			);
			path = Lib;
			sourceTree = "<group>";
		};
		AEB945E01F395E71009386D7 /* LKGiftCore */ = {
			isa = PBXGroup;
			children = (
				AEB945E11F395F94009386D7 /* Helpers */,
				AEB945E21F395F94009386D7 /* View */,
			);
			path = LKGiftCore;
			sourceTree = "<group>";
		};
		AEB945E11F395F94009386D7 /* Helpers */ = {
			isa = PBXGroup;
			children = (
				AEB945E31F395FA9009386D7 /* LKGiftCore.h */,
				AEB945E41F396011009386D7 /* LKLogCore.h */,
			);
			path = Helpers;
			sourceTree = "<group>";
		};
		AEB945E21F395F94009386D7 /* View */ = {
			isa = PBXGroup;
			children = (
				AEB945E51F39606A009386D7 /* LKGiftSendView.h */,
				AEB945E61F39606A009386D7 /* LKGiftSendView.m */,
				AEB945E81F3997CC009386D7 /* LKGiftData.h */,
				AEB945E91F3997CC009386D7 /* LKGiftData.m */,
				AEB945EB1F39ADFA009386D7 /* LKAnimation.h */,
				AEB945EC1F39ADFA009386D7 /* LKAnimation.m */,
				AEB945EE1F39B752009386D7 /* LKAnimationManager.h */,
				AEB945EF1F39B752009386D7 /* LKAnimationManager.m */,
				AEB945F11F39BD37009386D7 /* LKCacheData.h */,
				AEB945F21F39BD37009386D7 /* LKCacheData.m */,
			);
			path = View;
			sourceTree = "<group>";
		};
/* End PBXGroup section */

/* Begin PBXNativeTarget section */
		2B55FBC21EFA73E0005A83BE /* LinekeLive */ = {
			isa = PBXNativeTarget;
			buildConfigurationList = 2B55FBF01EFA73E0005A83BE /* Build configuration list for PBXNativeTarget "LinekeLive" */;
			buildPhases = (
				C5F4F3DBC4C57CF52422B921 /* [CP] Check Pods Manifest.lock */,
				2B55FBBF1EFA73E0005A83BE /* Sources */,
				2B55FBC01EFA73E0005A83BE /* Frameworks */,
				2B55FBC11EFA73E0005A83BE /* Resources */,
				BB057C6C968E1DBD6CBA12CC /* [CP] Embed Pods Frameworks */,
				08E1666F7236A0D14A145425 /* [CP] Copy Pods Resources */,
			);
			buildRules = (
			);
			dependencies = (
			);
			name = LinekeLive;
			productName = LinekeLive;
			productReference = 2B55FBC31EFA73E0005A83BE /* LinekeLive.app */;
			productType = "com.apple.product-type.application";
		};
		2B55FBDB1EFA73E0005A83BE /* LinekeLiveTests */ = {
			isa = PBXNativeTarget;
			buildConfigurationList = 2B55FBF31EFA73E0005A83BE /* Build configuration list for PBXNativeTarget "LinekeLiveTests" */;
			buildPhases = (
				2B55FBD81EFA73E0005A83BE /* Sources */,
				2B55FBD91EFA73E0005A83BE /* Frameworks */,
				2B55FBDA1EFA73E0005A83BE /* Resources */,
			);
			buildRules = (
			);
			dependencies = (
				2B55FBDE1EFA73E0005A83BE /* PBXTargetDependency */,
			);
			name = LinekeLiveTests;
			productName = LinekeLiveTests;
			productReference = 2B55FBDC1EFA73E0005A83BE /* LinekeLiveTests.xctest */;
			productType = "com.apple.product-type.bundle.unit-test";
		};
		2B55FBE61EFA73E0005A83BE /* LinekeLiveUITests */ = {
			isa = PBXNativeTarget;
			buildConfigurationList = 2B55FBF61EFA73E0005A83BE /* Build configuration list for PBXNativeTarget "LinekeLiveUITests" */;
			buildPhases = (
				2B55FBE31EFA73E0005A83BE /* Sources */,
				2B55FBE41EFA73E0005A83BE /* Frameworks */,
				2B55FBE51EFA73E0005A83BE /* Resources */,
			);
			buildRules = (
			);
			dependencies = (
				2B55FBE91EFA73E0005A83BE /* PBXTargetDependency */,
			);
			name = LinekeLiveUITests;
			productName = LinekeLiveUITests;
			productReference = 2B55FBE71EFA73E0005A83BE /* LinekeLiveUITests.xctest */;
			productType = "com.apple.product-type.bundle.ui-testing";
		};
/* End PBXNativeTarget section */

/* Begin PBXProject section */
		2B55FBBB1EFA73E0005A83BE /* Project object */ = {
			isa = PBXProject;
			attributes = {
				CLASSPREFIX = LK;
				LastUpgradeCheck = 0820;
				ORGANIZATIONNAME = CODER_TJ;
				TargetAttributes = {
					2B55FBC21EFA73E0005A83BE = {
						CreatedOnToolsVersion = 8.2.1;
						DevelopmentTeam = 37Y2532GZM;
						ProvisioningStyle = Automatic;
					};
					2B55FBDB1EFA73E0005A83BE = {
						CreatedOnToolsVersion = 8.2.1;
						DevelopmentTeam = Z3CD857XLC;
						ProvisioningStyle = Automatic;
						TestTargetID = 2B55FBC21EFA73E0005A83BE;
					};
					2B55FBE61EFA73E0005A83BE = {
						CreatedOnToolsVersion = 8.2.1;
						DevelopmentTeam = Z3CD857XLC;
						ProvisioningStyle = Automatic;
						TestTargetID = 2B55FBC21EFA73E0005A83BE;
					};
				};
			};
			buildConfigurationList = 2B55FBBE1EFA73E0005A83BE /* Build configuration list for PBXProject "LinekeLive" */;
			compatibilityVersion = "Xcode 3.2";
			developmentRegion = English;
			hasScannedForEncodings = 0;
			knownRegions = (
				en,
				Base,
			);
			mainGroup = 2B55FBBA1EFA73E0005A83BE;
			productRefGroup = 2B55FBC41EFA73E0005A83BE /* Products */;
			projectDirPath = "";
			projectRoot = "";
			targets = (
				2B55FBC21EFA73E0005A83BE /* LinekeLive */,
				2B55FBDB1EFA73E0005A83BE /* LinekeLiveTests */,
				2B55FBE61EFA73E0005A83BE /* LinekeLiveUITests */,
			);
		};
/* End PBXProject section */

/* Begin PBXResourcesBuildPhase section */
		2B55FBC11EFA73E0005A83BE /* Resources */ = {
			isa = PBXResourcesBuildPhase;
			buildActionMask = 2147483647;
			files = (
				AE7E71711F3B09880019B515 /* LKLaunchLiveViewController.xib in Resources */,
				AE7E719A1F3B09880019B515 /* LKNearCollectionViewCell.xib in Resources */,
				AE7E71751F3B09880019B515 /* camra_beauty_close@3x.png in Resources */,
				AE7E71841F3B09880019B515 /* LKMeTableViewCell.xib in Resources */,
				AE7E718B1F3B09880019B515 /* LKGiftCollectionViewCell.xib in Resources */,
				AE7E71721F3B09880019B515 /* camra_beauty@2x.png in Resources */,
				AE7E71861F3B09880019B515 /* LKLiveRoomViewController.xib in Resources */,
				AE7E71781F3B09880019B515 /* close_preview@2x.png in Resources */,
				AE7E71731F3B09880019B515 /* camra_beauty@3x.png in Resources */,
				AE7E71761F3B09880019B515 /* camra_preview@2x.png in Resources */,
				AE7E71771F3B09880019B515 /* camra_preview@3x.png in Resources */,
				AE7E717A1F3B09880019B515 /* ios-29x29.png in Resources */,
				2B1E7FD41F459B2100B00C58 /* LKTalkTableViewCell.xib in Resources */,
				2B55FBD61EFA73E0005A83BE /* LaunchScreen.storyboard in Resources */,
				AE7E71791F3B09880019B515 /* close_preview@3x.png in Resources */,
				AE7E717D1F3B09880019B515 /* LKLoginViewController.xib in Resources */,
				2B55FBD31EFA73E0005A83BE /* Assets.xcassets in Resources */,
				AE7E71741F3B09880019B515 /* camra_beauty_close@2x.png in Resources */,
				AE7E71971F3B09880019B515 /* LKHotLiveTableViewCell.xib in Resources */,
			);
			runOnlyForDeploymentPostprocessing = 0;
		};
		2B55FBDA1EFA73E0005A83BE /* Resources */ = {
			isa = PBXResourcesBuildPhase;
			buildActionMask = 2147483647;
			files = (
			);
			runOnlyForDeploymentPostprocessing = 0;
		};
		2B55FBE51EFA73E0005A83BE /* Resources */ = {
			isa = PBXResourcesBuildPhase;
			buildActionMask = 2147483647;
			files = (
			);
			runOnlyForDeploymentPostprocessing = 0;
		};
/* End PBXResourcesBuildPhase section */

/* Begin PBXShellScriptBuildPhase section */
		08E1666F7236A0D14A145425 /* [CP] Copy Pods Resources */ = {
			isa = PBXShellScriptBuildPhase;
			buildActionMask = 2147483647;
			files = (
			);
			inputPaths = (
				"${SRCROOT}/Pods/Target Support Files/Pods-LinekeLive/Pods-LinekeLive-resources.sh",
				"${PODS_ROOT}/MJRefresh/MJRefresh/MJRefresh.bundle",
				"${PODS_ROOT}/SVProgressHUD/SVProgressHUD/SVProgressHUD.bundle",
			);
			name = "[CP] Copy Pods Resources";
			outputPaths = (
				"${TARGET_BUILD_DIR}/${UNLOCALIZED_RESOURCES_FOLDER_PATH}",
			);
			runOnlyForDeploymentPostprocessing = 0;
			shellPath = /bin/sh;
			shellScript = "\"${SRCROOT}/Pods/Target Support Files/Pods-LinekeLive/Pods-LinekeLive-resources.sh\"\n";
			showEnvVarsInLog = 0;
		};
		BB057C6C968E1DBD6CBA12CC /* [CP] Embed Pods Frameworks */ = {
			isa = PBXShellScriptBuildPhase;
			buildActionMask = 2147483647;
			files = (
			);
			inputPaths = (
			);
			name = "[CP] Embed Pods Frameworks";
			outputPaths = (
			);
			runOnlyForDeploymentPostprocessing = 0;
			shellPath = /bin/sh;
			shellScript = "\"${SRCROOT}/Pods/Target Support Files/Pods-LinekeLive/Pods-LinekeLive-frameworks.sh\"\n";
			showEnvVarsInLog = 0;
		};
		C5F4F3DBC4C57CF52422B921 /* [CP] Check Pods Manifest.lock */ = {
			isa = PBXShellScriptBuildPhase;
			buildActionMask = 2147483647;
			files = (
			);
			inputPaths = (
				"${PODS_PODFILE_DIR_PATH}/Podfile.lock",
				"${PODS_ROOT}/Manifest.lock",
			);
			name = "[CP] Check Pods Manifest.lock";
			outputPaths = (
				"$(DERIVED_FILE_DIR)/Pods-LinekeLive-checkManifestLockResult.txt",
			);
			runOnlyForDeploymentPostprocessing = 0;
			shellPath = /bin/sh;
			shellScript = "diff \"${PODS_PODFILE_DIR_PATH}/Podfile.lock\" \"${PODS_ROOT}/Manifest.lock\" > /dev/null\nif [ $? != 0 ] ; then\n    # print error to STDERR\n    echo \"error: The sandbox is not in sync with the Podfile.lock. Run 'pod install' or update your CocoaPods installation.\" >&2\n    exit 1\nfi\n# This output is used by Xcode 'outputs' to avoid re-running this script phase.\necho \"SUCCESS\" > \"${SCRIPT_OUTPUT_FILE_0}\"\n";
			showEnvVarsInLog = 0;
		};
/* End PBXShellScriptBuildPhase section */

/* Begin PBXSourcesBuildPhase section */
		2B55FBBF1EFA73E0005A83BE /* Sources */ = {
			isa = PBXSourcesBuildPhase;
			buildActionMask = 2147483647;
			files = (
				2B5AF4001F02046600D83361 /* LKAdvertModel.m in Sources */,
				AE7E717E1F3B09880019B515 /* LKMeViewController.m in Sources */,
				AEB945EA1F3997CC009386D7 /* LKGiftData.m in Sources */,
				2B1E7FD31F459B2100B00C58 /* LKTalkTableViewCell.m in Sources */,
				AE7E71911F3B09880019B515 /* LKLiveHandler.m in Sources */,
				AE7E718E1F3B09880019B515 /* LKHotViewController.m in Sources */,
				2B147A5B1EFF562F0019312D /* BasicCommonUtils.m in Sources */,
				AE7E71981F3B09880019B515 /* LKMainSegmentView.m in Sources */,
				2BA6A17E20204D02006FDA28 /* HttpTool.m in Sources */,
				2B8A333E1F4824880090B2BB /* LKShareActivityView.m in Sources */,
				AEB945E71F39606A009386D7 /* LKGiftSendView.m in Sources */,
				2BA6A17D20204D02006FDA28 /* APIConfig.m in Sources */,
				AE7E718A1F3B09880019B515 /* LKGiftCollectionViewCell.m in Sources */,
				AE7E71941F3B09880019B515 /* LKLiveModel.m in Sources */,
				2B704C991EFB703D0020A0D6 /* UIImage+Additions.m in Sources */,
				AE7E71871F3B09880019B515 /* LKPlayerViewController.m in Sources */,
				2B55FBC81EFA73E0005A83BE /* main.m in Sources */,
				2B1E7FCC1F458B0800B00C58 /* LKDanmuView.m in Sources */,
				2BDF10F32019D99900048CF7 /* LKPlayerUserCell.m in Sources */,
				AE7E71851F3B09880019B515 /* LKLiveRoomViewController.m in Sources */,
				2B147A511EFF557C0019312D /* NSString+Encrypt.m in Sources */,
				AE7E71891F3B09880019B515 /* LKFlowLayout.m in Sources */,
				2B704C9A1EFB703D0020A0D6 /* UIImage+Estend.m in Sources */,
				2BE9BA6020200AAE00711676 /* AppDelegate+Util.m in Sources */,
				AE7E71811F3B09880019B515 /* LKMeHeaderView.m in Sources */,
				AE7E71951F3B09880019B515 /* MJExtensionConfig.m in Sources */,
				2B9C00201F00F4E70010611A /* LKLocationManager.m in Sources */,
				AE7E71701F3B09880019B515 /* LKLaunchLiveViewController.m in Sources */,
				2B1E7FCB1F458B0800B00C58 /* LKDanmuModel.m in Sources */,
				AE7E71931F3B09880019B515 /* LKExtra.m in Sources */,
				2BDF10F62019DE0100048CF7 /* LKUserListView.m in Sources */,
				2B9C001D1F00E5160010611A /* LKHasNavViewController.m in Sources */,
				2B147A681EFF5F770019312D /* LKBaseHandler.m in Sources */,
				AE7E71991F3B09880019B515 /* LKNearCollectionViewCell.m in Sources */,
				AE7E717F1F3B09880019B515 /* LKSettingViewController.m in Sources */,
				2B147A5A1EFF562F0019312D /* Base64.m in Sources */,
				AE7E71921F3B09880019B515 /* LKCreatorModel.m in Sources */,
				AE7E717B1F3B09880019B515 /* LFLivePreview.m in Sources */,
				2BA6A17720203E22006FDA28 /* LKRefreshGifHeader.m in Sources */,
				2B75AF951EFCEEBC00BFE311 /* LKBasicNavigationController.m in Sources */,
				2B147A5C1EFF562F0019312D /* GTMBase64.m in Sources */,
				2BF8A7F81F49B34E00801F9B /* LKFocuseViewController.m in Sources */,
				2B704C971EFB703D0020A0D6 /* UIColor+Extension.m in Sources */,
				AE7E71881F3B09880019B515 /* LKGiftModel.m in Sources */,
				2B147A7F1EFFAA490019312D /* XDProgressHUD.m in Sources */,
				AE7E71901F3B09880019B515 /* LKNearViewController.m in Sources */,
				2B75AF7E1EFCC89400BFE311 /* LKBasicTabBarController.m in Sources */,
				2B704C981EFB703D0020A0D6 /* UIColor+UIImage.m in Sources */,
				AEB945F01F39B752009386D7 /* LKAnimationManager.m in Sources */,
				AE7E718F1F3B09880019B515 /* LKMainViewController.m in Sources */,
				AE7E718C1F3B09880019B515 /* LKGiftListView.m in Sources */,
				AE7E71801F3B09880019B515 /* LKMineModel.m in Sources */,
				2B5AF4031F0206BE00D83361 /* LKNewFeatureView.m in Sources */,
				2B1E7FD71F45A60700B00C58 /* LKTalkModel.m in Sources */,
				2B75AF811EFCC8B900BFE311 /* LKBasicTabBar.m in Sources */,
				2BEF620A20216E0F00FF597E /* LKFeatureImageCell.m in Sources */,
				2BC7672D2021CC9E0050A76E /* YYFPSLabel.m in Sources */,
				2B5AF4081F020F8800D83361 /* LKCacheHelper.m in Sources */,
				AE7E71831F3B09880019B515 /* LKMeTableViewCell.m in Sources */,
				2B1E7FCF1F458BDD00B00C58 /* LKLiveSessionView.m in Sources */,
				AEB945ED1F39ADFA009386D7 /* LKAnimation.m in Sources */,
				AE7E71961F3B09880019B515 /* LKHotLiveTableViewCell.m in Sources */,
				2BE9BA5D2020063100711676 /* Reachability.m in Sources */,
				2B75AF881EFCED4700BFE311 /* LKBasicViewController.m in Sources */,
				2BA6A18120204D15006FDA28 /* UIImageView+SDWebImage.m in Sources */,
				2BE9BA59202005A500711676 /* AppDelegate.m in Sources */,
				2B1E7FCA1F458B0800B00C58 /* CALayer+Aimate.m in Sources */,
				2B704C9B1EFB703D0020A0D6 /* UIImage+Extension.m in Sources */,
				AEB945F31F39BD37009386D7 /* LKCacheData.m in Sources */,
				AE7E717C1F3B09880019B515 /* LKLoginViewController.m in Sources */,
			);
			runOnlyForDeploymentPostprocessing = 0;
		};
		2B55FBD81EFA73E0005A83BE /* Sources */ = {
			isa = PBXSourcesBuildPhase;
			buildActionMask = 2147483647;
			files = (
				2B55FBE11EFA73E0005A83BE /* LinekeLiveTests.m in Sources */,
			);
			runOnlyForDeploymentPostprocessing = 0;
		};
		2B55FBE31EFA73E0005A83BE /* Sources */ = {
			isa = PBXSourcesBuildPhase;
			buildActionMask = 2147483647;
			files = (
				2B55FBEC1EFA73E0005A83BE /* LinekeLiveUITests.m in Sources */,
			);
			runOnlyForDeploymentPostprocessing = 0;
		};
/* End PBXSourcesBuildPhase section */

/* Begin PBXTargetDependency section */
		2B55FBDE1EFA73E0005A83BE /* PBXTargetDependency */ = {
			isa = PBXTargetDependency;
			target = 2B55FBC21EFA73E0005A83BE /* LinekeLive */;
			targetProxy = 2B55FBDD1EFA73E0005A83BE /* PBXContainerItemProxy */;
		};
		2B55FBE91EFA73E0005A83BE /* PBXTargetDependency */ = {
			isa = PBXTargetDependency;
			target = 2B55FBC21EFA73E0005A83BE /* LinekeLive */;
			targetProxy = 2B55FBE81EFA73E0005A83BE /* PBXContainerItemProxy */;
		};
/* End PBXTargetDependency section */

/* Begin PBXVariantGroup section */
		2B55FBD41EFA73E0005A83BE /* LaunchScreen.storyboard */ = {
			isa = PBXVariantGroup;
			children = (
				2B55FBD51EFA73E0005A83BE /* Base */,
			);
			name = LaunchScreen.storyboard;
			sourceTree = "<group>";
		};
/* End PBXVariantGroup section */

/* Begin XCBuildConfiguration section */
		2B55FBEE1EFA73E0005A83BE /* Debug */ = {
			isa = XCBuildConfiguration;
			buildSettings = {
				ALWAYS_SEARCH_USER_PATHS = NO;
				CLANG_ANALYZER_NONNULL = YES;
				CLANG_CXX_LANGUAGE_STANDARD = "gnu++0x";
				CLANG_CXX_LIBRARY = "libc++";
				CLANG_ENABLE_MODULES = YES;
				CLANG_ENABLE_OBJC_ARC = YES;
				CLANG_WARN_BOOL_CONVERSION = YES;
				CLANG_WARN_CONSTANT_CONVERSION = YES;
				CLANG_WARN_DIRECT_OBJC_ISA_USAGE = YES_ERROR;
				CLANG_WARN_DOCUMENTATION_COMMENTS = YES;
				CLANG_WARN_EMPTY_BODY = YES;
				CLANG_WARN_ENUM_CONVERSION = YES;
				CLANG_WARN_INFINITE_RECURSION = YES;
				CLANG_WARN_INT_CONVERSION = YES;
				CLANG_WARN_OBJC_ROOT_CLASS = YES_ERROR;
				CLANG_WARN_SUSPICIOUS_MOVE = YES;
				CLANG_WARN_UNREACHABLE_CODE = YES;
				CLANG_WARN__DUPLICATE_METHOD_MATCH = YES;
				"CODE_SIGN_IDENTITY[sdk=iphoneos*]" = "iPhone Developer";
				COPY_PHASE_STRIP = NO;
				DEBUG_INFORMATION_FORMAT = dwarf;
				ENABLE_STRICT_OBJC_MSGSEND = YES;
				ENABLE_TESTABILITY = YES;
				GCC_C_LANGUAGE_STANDARD = gnu99;
				GCC_DYNAMIC_NO_PIC = NO;
				GCC_NO_COMMON_BLOCKS = YES;
				GCC_OPTIMIZATION_LEVEL = 0;
				GCC_PREPROCESSOR_DEFINITIONS = (
					"DEBUG=1",
					"$(inherited)",
				);
				GCC_WARN_64_TO_32_BIT_CONVERSION = YES;
				GCC_WARN_ABOUT_RETURN_TYPE = YES_ERROR;
				GCC_WARN_UNDECLARED_SELECTOR = YES;
				GCC_WARN_UNINITIALIZED_AUTOS = YES_AGGRESSIVE;
				GCC_WARN_UNUSED_FUNCTION = YES;
				GCC_WARN_UNUSED_VARIABLE = YES;
				IPHONEOS_DEPLOYMENT_TARGET = 10.2;
				MTL_ENABLE_DEBUG_INFO = YES;
				ONLY_ACTIVE_ARCH = YES;
				SDKROOT = iphoneos;
				TARGETED_DEVICE_FAMILY = "1,2";
			};
			name = Debug;
		};
		2B55FBEF1EFA73E0005A83BE /* Release */ = {
			isa = XCBuildConfiguration;
			buildSettings = {
				ALWAYS_SEARCH_USER_PATHS = NO;
				CLANG_ANALYZER_NONNULL = YES;
				CLANG_CXX_LANGUAGE_STANDARD = "gnu++0x";
				CLANG_CXX_LIBRARY = "libc++";
				CLANG_ENABLE_MODULES = YES;
				CLANG_ENABLE_OBJC_ARC = YES;
				CLANG_WARN_BOOL_CONVERSION = YES;
				CLANG_WARN_CONSTANT_CONVERSION = YES;
				CLANG_WARN_DIRECT_OBJC_ISA_USAGE = YES_ERROR;
				CLANG_WARN_DOCUMENTATION_COMMENTS = YES;
				CLANG_WARN_EMPTY_BODY = YES;
				CLANG_WARN_ENUM_CONVERSION = YES;
				CLANG_WARN_INFINITE_RECURSION = YES;
				CLANG_WARN_INT_CONVERSION = YES;
				CLANG_WARN_OBJC_ROOT_CLASS = YES_ERROR;
				CLANG_WARN_SUSPICIOUS_MOVE = YES;
				CLANG_WARN_UNREACHABLE_CODE = YES;
				CLANG_WARN__DUPLICATE_METHOD_MATCH = YES;
				"CODE_SIGN_IDENTITY[sdk=iphoneos*]" = "iPhone Developer";
				COPY_PHASE_STRIP = NO;
				DEBUG_INFORMATION_FORMAT = "dwarf-with-dsym";
				ENABLE_NS_ASSERTIONS = NO;
				ENABLE_STRICT_OBJC_MSGSEND = YES;
				GCC_C_LANGUAGE_STANDARD = gnu99;
				GCC_NO_COMMON_BLOCKS = YES;
				GCC_WARN_64_TO_32_BIT_CONVERSION = YES;
				GCC_WARN_ABOUT_RETURN_TYPE = YES_ERROR;
				GCC_WARN_UNDECLARED_SELECTOR = YES;
				GCC_WARN_UNINITIALIZED_AUTOS = YES_AGGRESSIVE;
				GCC_WARN_UNUSED_FUNCTION = YES;
				GCC_WARN_UNUSED_VARIABLE = YES;
				IPHONEOS_DEPLOYMENT_TARGET = 10.2;
				MTL_ENABLE_DEBUG_INFO = NO;
				SDKROOT = iphoneos;
				TARGETED_DEVICE_FAMILY = "1,2";
				VALIDATE_PRODUCT = YES;
			};
			name = Release;
		};
		2B55FBF11EFA73E0005A83BE /* Debug */ = {
			isa = XCBuildConfiguration;
			baseConfigurationReference = F5117E62DD19283FE20BA3DC /* Pods-LinekeLive.debug.xcconfig */;
			buildSettings = {
				ASSETCATALOG_COMPILER_APPICON_NAME = AppIcon;
				ASSETCATALOG_COMPILER_LAUNCHIMAGE_NAME = LaunchImage;
				DEVELOPMENT_TEAM = 37Y2532GZM;
				ENABLE_BITCODE = NO;
				FRAMEWORK_SEARCH_PATHS = (
					"$(inherited)",
					"$(PROJECT_DIR)/LinekeLive",
				);
				GCC_PRECOMPILE_PREFIX_HEADER = YES;
				GCC_PREFIX_HEADER = LinekeLive/Classes/Other/lineKePrefix.pch;
				INFOPLIST_FILE = LinekeLive/Info.plist;
				IPHONEOS_DEPLOYMENT_TARGET = 9.0;
				LD_RUNPATH_SEARCH_PATHS = "$(inherited) @executable_path/Frameworks";
				PRODUCT_BUNDLE_IDENTIFIER = com.inke.learn;
				PRODUCT_NAME = "$(TARGET_NAME)";
				TARGETED_DEVICE_FAMILY = "1,2";
			};
			name = Debug;
		};
		2B55FBF21EFA73E0005A83BE /* Release */ = {
			isa = XCBuildConfiguration;
			baseConfigurationReference = D18A9382935CEB4084DD0F90 /* Pods-LinekeLive.release.xcconfig */;
			buildSettings = {
				ASSETCATALOG_COMPILER_APPICON_NAME = AppIcon;
				ASSETCATALOG_COMPILER_LAUNCHIMAGE_NAME = LaunchImage;
				DEVELOPMENT_TEAM = 37Y2532GZM;
				ENABLE_BITCODE = NO;
				FRAMEWORK_SEARCH_PATHS = (
					"$(inherited)",
					"$(PROJECT_DIR)/LinekeLive",
				);
				GCC_PRECOMPILE_PREFIX_HEADER = YES;
				GCC_PREFIX_HEADER = LinekeLive/Classes/Other/lineKePrefix.pch;
				INFOPLIST_FILE = LinekeLive/Info.plist;
				IPHONEOS_DEPLOYMENT_TARGET = 9.0;
				LD_RUNPATH_SEARCH_PATHS = "$(inherited) @executable_path/Frameworks";
				PRODUCT_BUNDLE_IDENTIFIER = com.inke.learn;
				PRODUCT_NAME = "$(TARGET_NAME)";
				TARGETED_DEVICE_FAMILY = "1,2";
			};
			name = Release;
		};
		2B55FBF41EFA73E0005A83BE /* Debug */ = {
			isa = XCBuildConfiguration;
			buildSettings = {
				BUNDLE_LOADER = "$(TEST_HOST)";
				DEVELOPMENT_TEAM = Z3CD857XLC;
				INFOPLIST_FILE = LinekeLiveTests/Info.plist;
				LD_RUNPATH_SEARCH_PATHS = "$(inherited) @executable_path/Frameworks @loader_path/Frameworks";
				PRODUCT_BUNDLE_IDENTIFIER = com.inke.learn.LinekeLiveTests;
				PRODUCT_NAME = "$(TARGET_NAME)";
				TEST_HOST = "$(BUILT_PRODUCTS_DIR)/LinekeLive.app/LinekeLive";
			};
			name = Debug;
		};
		2B55FBF51EFA73E0005A83BE /* Release */ = {
			isa = XCBuildConfiguration;
			buildSettings = {
				BUNDLE_LOADER = "$(TEST_HOST)";
				DEVELOPMENT_TEAM = Z3CD857XLC;
				INFOPLIST_FILE = LinekeLiveTests/Info.plist;
				LD_RUNPATH_SEARCH_PATHS = "$(inherited) @executable_path/Frameworks @loader_path/Frameworks";
				PRODUCT_BUNDLE_IDENTIFIER = com.inke.learn.LinekeLiveTests;
				PRODUCT_NAME = "$(TARGET_NAME)";
				TEST_HOST = "$(BUILT_PRODUCTS_DIR)/LinekeLive.app/LinekeLive";
			};
			name = Release;
		};
		2B55FBF71EFA73E0005A83BE /* Debug */ = {
			isa = XCBuildConfiguration;
			buildSettings = {
				DEVELOPMENT_TEAM = Z3CD857XLC;
				INFOPLIST_FILE = LinekeLiveUITests/Info.plist;
				LD_RUNPATH_SEARCH_PATHS = "$(inherited) @executable_path/Frameworks @loader_path/Frameworks";
				PRODUCT_BUNDLE_IDENTIFIER = com.inke.learn.LinekeLiveUITests;
				PRODUCT_NAME = "$(TARGET_NAME)";
				TEST_TARGET_NAME = LinekeLive;
			};
			name = Debug;
		};
		2B55FBF81EFA73E0005A83BE /* Release */ = {
			isa = XCBuildConfiguration;
			buildSettings = {
				DEVELOPMENT_TEAM = Z3CD857XLC;
				INFOPLIST_FILE = LinekeLiveUITests/Info.plist;
				LD_RUNPATH_SEARCH_PATHS = "$(inherited) @executable_path/Frameworks @loader_path/Frameworks";
				PRODUCT_BUNDLE_IDENTIFIER = com.inke.learn.LinekeLiveUITests;
				PRODUCT_NAME = "$(TARGET_NAME)";
				TEST_TARGET_NAME = LinekeLive;
			};
			name = Release;
		};
/* End XCBuildConfiguration section */

/* Begin XCConfigurationList section */
		2B55FBBE1EFA73E0005A83BE /* Build configuration list for PBXProject "LinekeLive" */ = {
			isa = XCConfigurationList;
			buildConfigurations = (
				2B55FBEE1EFA73E0005A83BE /* Debug */,
				2B55FBEF1EFA73E0005A83BE /* Release */,
			);
			defaultConfigurationIsVisible = 0;
			defaultConfigurationName = Release;
		};
		2B55FBF01EFA73E0005A83BE /* Build configuration list for PBXNativeTarget "LinekeLive" */ = {
			isa = XCConfigurationList;
			buildConfigurations = (
				2B55FBF11EFA73E0005A83BE /* Debug */,
				2B55FBF21EFA73E0005A83BE /* Release */,
			);
			defaultConfigurationIsVisible = 0;
			defaultConfigurationName = Release;
		};
		2B55FBF31EFA73E0005A83BE /* Build configuration list for PBXNativeTarget "LinekeLiveTests" */ = {
			isa = XCConfigurationList;
			buildConfigurations = (
				2B55FBF41EFA73E0005A83BE /* Debug */,
				2B55FBF51EFA73E0005A83BE /* Release */,
			);
			defaultConfigurationIsVisible = 0;
			defaultConfigurationName = Release;
		};
		2B55FBF61EFA73E0005A83BE /* Build configuration list for PBXNativeTarget "LinekeLiveUITests" */ = {
			isa = XCConfigurationList;
			buildConfigurations = (
				2B55FBF71EFA73E0005A83BE /* Debug */,
				2B55FBF81EFA73E0005A83BE /* Release */,
			);
			defaultConfigurationIsVisible = 0;
			defaultConfigurationName = Release;
		};
/* End XCConfigurationList section */
	};
	rootObject = 2B55FBBB1EFA73E0005A83BE /* Project object */;
}
